// !$*UTF8*$!
{
	archiveVersion = 1;
	classes = {
	};
	objectVersion = 46;
	objects = {

/* Begin PBXBuildFile section */
		B7027BFE1994EA7E009E504C /* HomeController.m in Sources */ = {isa = PBXBuildFile; fileRef = B7027BFD1994EA7E009E504C /* HomeController.m */; };
		B7027C011994EA8E009E504C /* MoreController.m in Sources */ = {isa = PBXBuildFile; fileRef = B7027C001994EA8E009E504C /* MoreController.m */; };
		B7027C0419951967009E504C /* GQNavigationController.m in Sources */ = {isa = PBXBuildFile; fileRef = B7027C0319951967009E504C /* GQNavigationController.m */; };
		B7027C0719951B1B009E504C /* UIBarButtonItem+GQ.m in Sources */ = {isa = PBXBuildFile; fileRef = B7027C0619951B1B009E504C /* UIBarButtonItem+GQ.m */; };
		B7027C0C19952636009E504C /* MeController.m in Sources */ = {isa = PBXBuildFile; fileRef = B7027C0B19952636009E504C /* MeController.m */; };
		B7027C1119952644009E504C /* MessageController.m in Sources */ = {isa = PBXBuildFile; fileRef = B7027C1019952644009E504C /* MessageController.m */; };
		B7027C161995264A009E504C /* SquareController.m in Sources */ = {isa = PBXBuildFile; fileRef = B7027C151995264A009E504C /* SquareController.m */; };
		B7027CD419961425009E504C /* Dock.m in Sources */ = {isa = PBXBuildFile; fileRef = B7027CCF19961425009E504C /* Dock.m */; };
		B7027CD519961425009E504C /* DockController.m in Sources */ = {isa = PBXBuildFile; fileRef = B7027CD119961425009E504C /* DockController.m */; };
		B7027CD619961425009E504C /* DockItem.m in Sources */ = {isa = PBXBuildFile; fileRef = B7027CD319961425009E504C /* DockItem.m */; };
		B7027CD919963E18009E504C /* More.plist in Resources */ = {isa = PBXBuildFile; fileRef = B7027CD819963E18009E504C /* More.plist */; };
		B7027CDA19963E18009E504C /* More.plist in Resources */ = {isa = PBXBuildFile; fileRef = B7027CD819963E18009E504C /* More.plist */; };
		B72D993419974650001BDDB3 /* common_card_background.png in Resources */ = {isa = PBXBuildFile; fileRef = B72D992419974650001BDDB3 /* common_card_background.png */; };
		B72D993519974650001BDDB3 /* common_card_background@2x.png in Resources */ = {isa = PBXBuildFile; fileRef = B72D992519974650001BDDB3 /* common_card_background@2x.png */; };
		B72D993619974650001BDDB3 /* common_card_background_highlighted.png in Resources */ = {isa = PBXBuildFile; fileRef = B72D992619974650001BDDB3 /* common_card_background_highlighted.png */; };
		B72D993719974650001BDDB3 /* common_card_background_highlighted@2x.png in Resources */ = {isa = PBXBuildFile; fileRef = B72D992719974650001BDDB3 /* common_card_background_highlighted@2x.png */; };
		B72D993819974650001BDDB3 /* common_card_bottom_background.png in Resources */ = {isa = PBXBuildFile; fileRef = B72D992819974650001BDDB3 /* common_card_bottom_background.png */; };
		B72D993919974650001BDDB3 /* common_card_bottom_background@2x.png in Resources */ = {isa = PBXBuildFile; fileRef = B72D992919974650001BDDB3 /* common_card_bottom_background@2x.png */; };
		B72D993A19974650001BDDB3 /* common_card_bottom_background_highlighted.png in Resources */ = {isa = PBXBuildFile; fileRef = B72D992A19974650001BDDB3 /* common_card_bottom_background_highlighted.png */; };
		B72D993B19974650001BDDB3 /* common_card_bottom_background_highlighted@2x.png in Resources */ = {isa = PBXBuildFile; fileRef = B72D992B19974650001BDDB3 /* common_card_bottom_background_highlighted@2x.png */; };
		B72D993C19974650001BDDB3 /* common_card_middle_background.png in Resources */ = {isa = PBXBuildFile; fileRef = B72D992C19974650001BDDB3 /* common_card_middle_background.png */; };
		B72D993D19974650001BDDB3 /* common_card_middle_background@2x.png in Resources */ = {isa = PBXBuildFile; fileRef = B72D992D19974650001BDDB3 /* common_card_middle_background@2x.png */; };
		B72D993E19974650001BDDB3 /* common_card_middle_background_highlighted.png in Resources */ = {isa = PBXBuildFile; fileRef = B72D992E19974650001BDDB3 /* common_card_middle_background_highlighted.png */; };
		B72D993F19974650001BDDB3 /* common_card_middle_background_highlighted@2x.png in Resources */ = {isa = PBXBuildFile; fileRef = B72D992F19974650001BDDB3 /* common_card_middle_background_highlighted@2x.png */; };
		B72D994019974650001BDDB3 /* common_card_top_background.png in Resources */ = {isa = PBXBuildFile; fileRef = B72D993019974650001BDDB3 /* common_card_top_background.png */; };
		B72D994119974650001BDDB3 /* common_card_top_background@2x.png in Resources */ = {isa = PBXBuildFile; fileRef = B72D993119974650001BDDB3 /* common_card_top_background@2x.png */; };
		B72D994219974650001BDDB3 /* common_card_top_background_highlighted.png in Resources */ = {isa = PBXBuildFile; fileRef = B72D993219974650001BDDB3 /* common_card_top_background_highlighted.png */; };
		B72D994319974650001BDDB3 /* common_card_top_background_highlighted@2x.png in Resources */ = {isa = PBXBuildFile; fileRef = B72D993319974650001BDDB3 /* common_card_top_background_highlighted@2x.png */; };
		B73EAED61990FECB00E3727E /* Foundation.framework in Frameworks */ = {isa = PBXBuildFile; fileRef = B73EAED51990FECB00E3727E /* Foundation.framework */; };
		B73EAED81990FECB00E3727E /* CoreGraphics.framework in Frameworks */ = {isa = PBXBuildFile; fileRef = B73EAED71990FECB00E3727E /* CoreGraphics.framework */; };
		B73EAEDA1990FECB00E3727E /* UIKit.framework in Frameworks */ = {isa = PBXBuildFile; fileRef = B73EAED91990FECB00E3727E /* UIKit.framework */; };
		B73EAEE01990FECB00E3727E /* InfoPlist.strings in Resources */ = {isa = PBXBuildFile; fileRef = B73EAEDE1990FECB00E3727E /* InfoPlist.strings */; };
		B73EAEE81990FECB00E3727E /* Images.xcassets in Resources */ = {isa = PBXBuildFile; fileRef = B73EAEE71990FECB00E3727E /* Images.xcassets */; };
		B73EAEEF1990FECB00E3727E /* XCTest.framework in Frameworks */ = {isa = PBXBuildFile; fileRef = B73EAEEE1990FECB00E3727E /* XCTest.framework */; };
		B73EAEF01990FECB00E3727E /* Foundation.framework in Frameworks */ = {isa = PBXBuildFile; fileRef = B73EAED51990FECB00E3727E /* Foundation.framework */; };
		B73EAEF11990FECB00E3727E /* UIKit.framework in Frameworks */ = {isa = PBXBuildFile; fileRef = B73EAED91990FECB00E3727E /* UIKit.framework */; };
		B73EAEF91990FECB00E3727E /* InfoPlist.strings in Resources */ = {isa = PBXBuildFile; fileRef = B73EAEF71990FECB00E3727E /* InfoPlist.strings */; };
		B73EAEFB1990FECB00E3727E /* QingWeiboTests.m in Sources */ = {isa = PBXBuildFile; fileRef = B73EAEFA1990FECB00E3727E /* QingWeiboTests.m */; };
		B73EAF291990FEF100E3727E /* Default-568h@2x.png in Resources */ = {isa = PBXBuildFile; fileRef = B73EAF071990FEF100E3727E /* Default-568h@2x.png */; };
		B73EAF2A1990FEF100E3727E /* Default.png in Resources */ = {isa = PBXBuildFile; fileRef = B73EAF081990FEF100E3727E /* Default.png */; };
		B73EAF2B1990FEF100E3727E /* Default@2x.png in Resources */ = {isa = PBXBuildFile; fileRef = B73EAF091990FEF100E3727E /* Default@2x.png */; };
		B73EAF2C1990FEF100E3727E /* Icon.png in Resources */ = {isa = PBXBuildFile; fileRef = B73EAF0A1990FEF100E3727E /* Icon.png */; };
		B73EAF2D1990FEF100E3727E /* Icon@2x.png in Resources */ = {isa = PBXBuildFile; fileRef = B73EAF0B1990FEF100E3727E /* Icon@2x.png */; };
		B73EAF2E1990FEF100E3727E /* new_feature_1-568h@2x.png in Resources */ = {isa = PBXBuildFile; fileRef = B73EAF0D1990FEF100E3727E /* new_feature_1-568h@2x.png */; };
		B73EAF2F1990FEF100E3727E /* new_feature_1.png in Resources */ = {isa = PBXBuildFile; fileRef = B73EAF0E1990FEF100E3727E /* new_feature_1.png */; };
		B73EAF301990FEF100E3727E /* new_feature_1@2x.png in Resources */ = {isa = PBXBuildFile; fileRef = B73EAF0F1990FEF100E3727E /* new_feature_1@2x.png */; };
		B73EAF311990FEF100E3727E /* new_feature_2-568h@2x.png in Resources */ = {isa = PBXBuildFile; fileRef = B73EAF101990FEF100E3727E /* new_feature_2-568h@2x.png */; };
		B73EAF321990FEF100E3727E /* new_feature_2.png in Resources */ = {isa = PBXBuildFile; fileRef = B73EAF111990FEF100E3727E /* new_feature_2.png */; };
		B73EAF331990FEF100E3727E /* new_feature_2@2x.png in Resources */ = {isa = PBXBuildFile; fileRef = B73EAF121990FEF100E3727E /* new_feature_2@2x.png */; };
		B73EAF341990FEF100E3727E /* new_feature_3-568h@2x.png in Resources */ = {isa = PBXBuildFile; fileRef = B73EAF131990FEF100E3727E /* new_feature_3-568h@2x.png */; };
		B73EAF351990FEF100E3727E /* new_feature_3.png in Resources */ = {isa = PBXBuildFile; fileRef = B73EAF141990FEF100E3727E /* new_feature_3.png */; };
		B73EAF361990FEF100E3727E /* new_feature_3@2x.png in Resources */ = {isa = PBXBuildFile; fileRef = B73EAF151990FEF100E3727E /* new_feature_3@2x.png */; };
		B73EAF371990FEF100E3727E /* new_feature_4-568h@2x.png in Resources */ = {isa = PBXBuildFile; fileRef = B73EAF161990FEF100E3727E /* new_feature_4-568h@2x.png */; };
		B73EAF381990FEF100E3727E /* new_feature_4.png in Resources */ = {isa = PBXBuildFile; fileRef = B73EAF171990FEF100E3727E /* new_feature_4.png */; };
		B73EAF391990FEF100E3727E /* new_feature_4@2x.png in Resources */ = {isa = PBXBuildFile; fileRef = B73EAF181990FEF100E3727E /* new_feature_4@2x.png */; };
		B73EAF3A1990FEF100E3727E /* new_feature_background-568h@2x.png in Resources */ = {isa = PBXBuildFile; fileRef = B73EAF191990FEF100E3727E /* new_feature_background-568h@2x.png */; };
		B73EAF3B1990FEF100E3727E /* new_feature_background.png in Resources */ = {isa = PBXBuildFile; fileRef = B73EAF1A1990FEF100E3727E /* new_feature_background.png */; };
		B73EAF3C1990FEF100E3727E /* new_feature_background@2x.png in Resources */ = {isa = PBXBuildFile; fileRef = B73EAF1B1990FEF100E3727E /* new_feature_background@2x.png */; };
		B73EAF3D1990FEF100E3727E /* new_feature_finish_button.png in Resources */ = {isa = PBXBuildFile; fileRef = B73EAF1C1990FEF100E3727E /* new_feature_finish_button.png */; };
		B73EAF3E1990FEF100E3727E /* new_feature_finish_button@2x.png in Resources */ = {isa = PBXBuildFile; fileRef = B73EAF1D1990FEF100E3727E /* new_feature_finish_button@2x.png */; };
		B73EAF3F1990FEF100E3727E /* new_feature_finish_button_highlighted.png in Resources */ = {isa = PBXBuildFile; fileRef = B73EAF1E1990FEF100E3727E /* new_feature_finish_button_highlighted.png */; };
		B73EAF401990FEF100E3727E /* new_feature_finish_button_highlighted@2x.png in Resources */ = {isa = PBXBuildFile; fileRef = B73EAF1F1990FEF100E3727E /* new_feature_finish_button_highlighted@2x.png */; };
		B73EAF411990FEF100E3727E /* new_feature_pagecontrol_checked_point.png in Resources */ = {isa = PBXBuildFile; fileRef = B73EAF201990FEF100E3727E /* new_feature_pagecontrol_checked_point.png */; };
		B73EAF421990FEF100E3727E /* new_feature_pagecontrol_checked_point@2x.png in Resources */ = {isa = PBXBuildFile; fileRef = B73EAF211990FEF100E3727E /* new_feature_pagecontrol_checked_point@2x.png */; };
		B73EAF431990FEF100E3727E /* new_feature_pagecontrol_point.png in Resources */ = {isa = PBXBuildFile; fileRef = B73EAF221990FEF100E3727E /* new_feature_pagecontrol_point.png */; };
		B73EAF441990FEF100E3727E /* new_feature_pagecontrol_point@2x.png in Resources */ = {isa = PBXBuildFile; fileRef = B73EAF231990FEF100E3727E /* new_feature_pagecontrol_point@2x.png */; };
		B73EAF451990FEF100E3727E /* new_feature_share_false.png in Resources */ = {isa = PBXBuildFile; fileRef = B73EAF241990FEF100E3727E /* new_feature_share_false.png */; };
		B73EAF461990FEF100E3727E /* new_feature_share_false@2x.png in Resources */ = {isa = PBXBuildFile; fileRef = B73EAF251990FEF100E3727E /* new_feature_share_false@2x.png */; };
		B73EAF471990FEF100E3727E /* new_feature_share_true.png in Resources */ = {isa = PBXBuildFile; fileRef = B73EAF261990FEF100E3727E /* new_feature_share_true.png */; };
		B73EAF481990FEF100E3727E /* new_feature_share_true@2x.png in Resources */ = {isa = PBXBuildFile; fileRef = B73EAF271990FEF100E3727E /* new_feature_share_true@2x.png */; };
		B73EAF55199105D000E3727E /* AppDelegate.m in Sources */ = {isa = PBXBuildFile; fileRef = B73EAF51199105D000E3727E /* AppDelegate.m */; };
		B73EAF56199105D000E3727E /* main.m in Sources */ = {isa = PBXBuildFile; fileRef = B73EAF53199105D000E3727E /* main.m */; };
		B73EAF591991063C00E3727E /* NewFeatureController.m in Sources */ = {isa = PBXBuildFile; fileRef = B73EAF581991063C00E3727E /* NewFeatureController.m */; };
		B73EAF5E19910EE700E3727E /* MainController.m in Sources */ = {isa = PBXBuildFile; fileRef = B73EAF5D19910EE700E3727E /* MainController.m */; };
		B75E844619939C5900ACEA0A /* main_badge.png in Resources */ = {isa = PBXBuildFile; fileRef = B75E840819939C5900ACEA0A /* main_badge.png */; };
		B75E844719939C5900ACEA0A /* main_badge@2x.png in Resources */ = {isa = PBXBuildFile; fileRef = B75E840919939C5900ACEA0A /* main_badge@2x.png */; };
		B75E844819939C5900ACEA0A /* tabbar_background.png in Resources */ = {isa = PBXBuildFile; fileRef = B75E840A19939C5900ACEA0A /* tabbar_background.png */; };
		B75E844919939C5900ACEA0A /* tabbar_background@2x.png in Resources */ = {isa = PBXBuildFile; fileRef = B75E840B19939C5900ACEA0A /* tabbar_background@2x.png */; };
		B75E844A19939C5900ACEA0A /* tabbar_discover.png in Resources */ = {isa = PBXBuildFile; fileRef = B75E840C19939C5900ACEA0A /* tabbar_discover.png */; };
		B75E844B19939C5900ACEA0A /* tabbar_discover@2x.png in Resources */ = {isa = PBXBuildFile; fileRef = B75E840D19939C5900ACEA0A /* tabbar_discover@2x.png */; };
		B75E844C19939C5900ACEA0A /* tabbar_discover_selected.png in Resources */ = {isa = PBXBuildFile; fileRef = B75E840E19939C5900ACEA0A /* tabbar_discover_selected.png */; };
		B75E844D19939C5900ACEA0A /* tabbar_discover_selected@2x.png in Resources */ = {isa = PBXBuildFile; fileRef = B75E840F19939C5900ACEA0A /* tabbar_discover_selected@2x.png */; };
		B75E844E19939C5900ACEA0A /* tabbar_home.png in Resources */ = {isa = PBXBuildFile; fileRef = B75E841019939C5900ACEA0A /* tabbar_home.png */; };
		B75E844F19939C5900ACEA0A /* tabbar_home@2x.png in Resources */ = {isa = PBXBuildFile; fileRef = B75E841119939C5900ACEA0A /* tabbar_home@2x.png */; };
		B75E845019939C5900ACEA0A /* tabbar_home_selected.png in Resources */ = {isa = PBXBuildFile; fileRef = B75E841219939C5900ACEA0A /* tabbar_home_selected.png */; };
		B75E845119939C5900ACEA0A /* tabbar_home_selected@2x.png in Resources */ = {isa = PBXBuildFile; fileRef = B75E841319939C5900ACEA0A /* tabbar_home_selected@2x.png */; };
		B75E845219939C5900ACEA0A /* tabbar_message_center.png in Resources */ = {isa = PBXBuildFile; fileRef = B75E841419939C5900ACEA0A /* tabbar_message_center.png */; };
		B75E845319939C5900ACEA0A /* tabbar_message_center@2x.png in Resources */ = {isa = PBXBuildFile; fileRef = B75E841519939C5900ACEA0A /* tabbar_message_center@2x.png */; };
		B75E845419939C5900ACEA0A /* tabbar_message_center_selected.png in Resources */ = {isa = PBXBuildFile; fileRef = B75E841619939C5900ACEA0A /* tabbar_message_center_selected.png */; };
		B75E845519939C5900ACEA0A /* tabbar_message_center_selected@2x.png in Resources */ = {isa = PBXBuildFile; fileRef = B75E841719939C5900ACEA0A /* tabbar_message_center_selected@2x.png */; };
		B75E845619939C5900ACEA0A /* tabbar_more.png in Resources */ = {isa = PBXBuildFile; fileRef = B75E841819939C5900ACEA0A /* tabbar_more.png */; };
		B75E845719939C5900ACEA0A /* tabbar_more@2x.png in Resources */ = {isa = PBXBuildFile; fileRef = B75E841919939C5900ACEA0A /* tabbar_more@2x.png */; };
		B75E845819939C5900ACEA0A /* tabbar_more_selected.png in Resources */ = {isa = PBXBuildFile; fileRef = B75E841A19939C5900ACEA0A /* tabbar_more_selected.png */; };
		B75E845919939C5900ACEA0A /* tabbar_more_selected@2x.png in Resources */ = {isa = PBXBuildFile; fileRef = B75E841B19939C5900ACEA0A /* tabbar_more_selected@2x.png */; };
		B75E845A19939C5900ACEA0A /* tabbar_profile.png in Resources */ = {isa = PBXBuildFile; fileRef = B75E841C19939C5900ACEA0A /* tabbar_profile.png */; };
		B75E845B19939C5900ACEA0A /* tabbar_profile@2x.png in Resources */ = {isa = PBXBuildFile; fileRef = B75E841D19939C5900ACEA0A /* tabbar_profile@2x.png */; };
		B75E845C19939C5900ACEA0A /* tabbar_profile_selected.png in Resources */ = {isa = PBXBuildFile; fileRef = B75E841E19939C5900ACEA0A /* tabbar_profile_selected.png */; };
		B75E845D19939C5900ACEA0A /* tabbar_profile_selected@2x.png in Resources */ = {isa = PBXBuildFile; fileRef = B75E841F19939C5900ACEA0A /* tabbar_profile_selected@2x.png */; };
		B75E845E19939C5900ACEA0A /* tabbar_slider.png in Resources */ = {isa = PBXBuildFile; fileRef = B75E842019939C5900ACEA0A /* tabbar_slider.png */; };
		B75E845F19939C5900ACEA0A /* tabbar_slider@2x.png in Resources */ = {isa = PBXBuildFile; fileRef = B75E842119939C5900ACEA0A /* tabbar_slider@2x.png */; };
		B75E846019939C5900ACEA0A /* navigationbar_compose.png in Resources */ = {isa = PBXBuildFile; fileRef = B75E842319939C5900ACEA0A /* navigationbar_compose.png */; };
		B75E846119939C5900ACEA0A /* navigationbar_compose@2x.png in Resources */ = {isa = PBXBuildFile; fileRef = B75E842419939C5900ACEA0A /* navigationbar_compose@2x.png */; };
		B75E846219939C5900ACEA0A /* navigationbar_compose_highlighted.png in Resources */ = {isa = PBXBuildFile; fileRef = B75E842519939C5900ACEA0A /* navigationbar_compose_highlighted.png */; };
		B75E846319939C5900ACEA0A /* navigationbar_compose_highlighted@2x.png in Resources */ = {isa = PBXBuildFile; fileRef = B75E842619939C5900ACEA0A /* navigationbar_compose_highlighted@2x.png */; };
		B75E846419939C5900ACEA0A /* navigationbar_pop.png in Resources */ = {isa = PBXBuildFile; fileRef = B75E842719939C5900ACEA0A /* navigationbar_pop.png */; };
		B75E846519939C5900ACEA0A /* navigationbar_pop@2x.png in Resources */ = {isa = PBXBuildFile; fileRef = B75E842819939C5900ACEA0A /* navigationbar_pop@2x.png */; };
		B75E846619939C5900ACEA0A /* navigationbar_pop_highlighted.png in Resources */ = {isa = PBXBuildFile; fileRef = B75E842919939C5900ACEA0A /* navigationbar_pop_highlighted.png */; };
		B75E846719939C5900ACEA0A /* navigationbar_pop_highlighted@2x.png in Resources */ = {isa = PBXBuildFile; fileRef = B75E842A19939C5900ACEA0A /* navigationbar_pop_highlighted@2x.png */; };
		B75E846819939C5900ACEA0A /* navigationbar_back.png in Resources */ = {isa = PBXBuildFile; fileRef = B75E842C19939C5900ACEA0A /* navigationbar_back.png */; };
		B75E846919939C5900ACEA0A /* navigationbar_back@2x.png in Resources */ = {isa = PBXBuildFile; fileRef = B75E842D19939C5900ACEA0A /* navigationbar_back@2x.png */; };
		B75E846A19939C5900ACEA0A /* navigationbar_back_highlighted.png in Resources */ = {isa = PBXBuildFile; fileRef = B75E842E19939C5900ACEA0A /* navigationbar_back_highlighted.png */; };
		B75E846B19939C5900ACEA0A /* navigationbar_back_highlighted@2x.png in Resources */ = {isa = PBXBuildFile; fileRef = B75E842F19939C5900ACEA0A /* navigationbar_back_highlighted@2x.png */; };
		B75E846C19939C5900ACEA0A /* navigationbar_back_right.png in Resources */ = {isa = PBXBuildFile; fileRef = B75E843019939C5900ACEA0A /* navigationbar_back_right.png */; };
		B75E846D19939C5900ACEA0A /* navigationbar_back_right@2x.png in Resources */ = {isa = PBXBuildFile; fileRef = B75E843119939C5900ACEA0A /* navigationbar_back_right@2x.png */; };
		B75E846E19939C5900ACEA0A /* navigationbar_back_right_highlighted.png in Resources */ = {isa = PBXBuildFile; fileRef = B75E843219939C5900ACEA0A /* navigationbar_back_right_highlighted.png */; };
		B75E846F19939C5900ACEA0A /* navigationbar_back_right_highlighted@2x.png in Resources */ = {isa = PBXBuildFile; fileRef = B75E843319939C5900ACEA0A /* navigationbar_back_right_highlighted@2x.png */; };
		B75E847019939C5900ACEA0A /* navigationbar_background.png in Resources */ = {isa = PBXBuildFile; fileRef = B75E843419939C5900ACEA0A /* navigationbar_background.png */; };
		B75E847119939C5900ACEA0A /* navigationbar_background@2x.png in Resources */ = {isa = PBXBuildFile; fileRef = B75E843519939C5900ACEA0A /* navigationbar_background@2x.png */; };
		B75E847219939C5900ACEA0A /* navigationbar_button_background.png in Resources */ = {isa = PBXBuildFile; fileRef = B75E843619939C5900ACEA0A /* navigationbar_button_background.png */; };
		B75E847319939C5900ACEA0A /* navigationbar_button_background@2x.png in Resources */ = {isa = PBXBuildFile; fileRef = B75E843719939C5900ACEA0A /* navigationbar_button_background@2x.png */; };
		B75E847419939C5900ACEA0A /* navigationbar_button_background_disable.png in Resources */ = {isa = PBXBuildFile; fileRef = B75E843819939C5900ACEA0A /* navigationbar_button_background_disable.png */; };
		B75E847519939C5900ACEA0A /* navigationbar_button_background_disable@2x.png in Resources */ = {isa = PBXBuildFile; fileRef = B75E843919939C5900ACEA0A /* navigationbar_button_background_disable@2x.png */; };
		B75E847619939C5900ACEA0A /* navigationbar_button_background_disabled.png in Resources */ = {isa = PBXBuildFile; fileRef = B75E843A19939C5900ACEA0A /* navigationbar_button_background_disabled.png */; };
		B75E847719939C5900ACEA0A /* navigationbar_button_background_disabled@2x.png in Resources */ = {isa = PBXBuildFile; fileRef = B75E843B19939C5900ACEA0A /* navigationbar_button_background_disabled@2x.png */; };
		B75E847819939C5900ACEA0A /* navigationbar_button_background_pushed.png in Resources */ = {isa = PBXBuildFile; fileRef = B75E843C19939C5900ACEA0A /* navigationbar_button_background_pushed.png */; };
		B75E847919939C5900ACEA0A /* navigationbar_button_background_pushed@2x.png in Resources */ = {isa = PBXBuildFile; fileRef = B75E843D19939C5900ACEA0A /* navigationbar_button_background_pushed@2x.png */; };
		B75E847A19939C5900ACEA0A /* navigationbar_home.png in Resources */ = {isa = PBXBuildFile; fileRef = B75E843E19939C5900ACEA0A /* navigationbar_home.png */; };
		B75E847B19939C5900ACEA0A /* navigationbar_home@2x.png in Resources */ = {isa = PBXBuildFile; fileRef = B75E843F19939C5900ACEA0A /* navigationbar_home@2x.png */; };
		B75E847C19939C5900ACEA0A /* navigationbar_home_highlighted.png in Resources */ = {isa = PBXBuildFile; fileRef = B75E844019939C5900ACEA0A /* navigationbar_home_highlighted.png */; };
		B75E847D19939C5900ACEA0A /* navigationbar_home_highlighted@2x.png in Resources */ = {isa = PBXBuildFile; fileRef = B75E844119939C5900ACEA0A /* navigationbar_home_highlighted@2x.png */; };
		B75E847E19939C5900ACEA0A /* navigationbar_more.png in Resources */ = {isa = PBXBuildFile; fileRef = B75E844219939C5900ACEA0A /* navigationbar_more.png */; };
		B75E847F19939C5900ACEA0A /* navigationbar_more@2x.png in Resources */ = {isa = PBXBuildFile; fileRef = B75E844319939C5900ACEA0A /* navigationbar_more@2x.png */; };
		B75E848019939C5900ACEA0A /* navigationbar_more_highlighted.png in Resources */ = {isa = PBXBuildFile; fileRef = B75E844419939C5900ACEA0A /* navigationbar_more_highlighted.png */; };
		B75E848119939C5900ACEA0A /* navigationbar_more_highlighted@2x.png in Resources */ = {isa = PBXBuildFile; fileRef = B75E844519939C5900ACEA0A /* navigationbar_more_highlighted@2x.png */; };
		B75E84871993A1B800ACEA0A /* NSString+GQ.m in Sources */ = {isa = PBXBuildFile; fileRef = B75E84861993A1B800ACEA0A /* NSString+GQ.m */; };
		B78E24FD19925CF700D7DA2C /* UIImage+Addtion.m in Sources */ = {isa = PBXBuildFile; fileRef = B78E24FC19925CF700D7DA2C /* UIImage+Addtion.m */; };
		B7E754351991D587001F0733 /* description.txt in Resources */ = {isa = PBXBuildFile; fileRef = B7E754341991D587001F0733 /* description.txt */; };
/* End PBXBuildFile section */

/* Begin PBXContainerItemProxy section */
		B73EAEF21990FECB00E3727E /* PBXContainerItemProxy */ = {
			isa = PBXContainerItemProxy;
			containerPortal = B73EAECA1990FECA00E3727E /* Project object */;
			proxyType = 1;
			remoteGlobalIDString = B73EAED11990FECA00E3727E;
			remoteInfo = QingWeibo;
		};
/* End PBXContainerItemProxy section */

/* Begin PBXFileReference section */
		B7027BFC1994EA7E009E504C /* HomeController.h */ = {isa = PBXFileReference; fileEncoding = 4; lastKnownFileType = sourcecode.c.h; path = HomeController.h; sourceTree = "<group>"; };
		B7027BFD1994EA7E009E504C /* HomeController.m */ = {isa = PBXFileReference; fileEncoding = 4; lastKnownFileType = sourcecode.c.objc; path = HomeController.m; sourceTree = "<group>"; };
		B7027BFF1994EA8E009E504C /* MoreController.h */ = {isa = PBXFileReference; fileEncoding = 4; lastKnownFileType = sourcecode.c.h; path = MoreController.h; sourceTree = "<group>"; };
		B7027C001994EA8E009E504C /* MoreController.m */ = {isa = PBXFileReference; fileEncoding = 4; lastKnownFileType = sourcecode.c.objc; path = MoreController.m; sourceTree = "<group>"; };
		B7027C0219951967009E504C /* GQNavigationController.h */ = {isa = PBXFileReference; fileEncoding = 4; lastKnownFileType = sourcecode.c.h; path = GQNavigationController.h; sourceTree = "<group>"; };
		B7027C0319951967009E504C /* GQNavigationController.m */ = {isa = PBXFileReference; fileEncoding = 4; lastKnownFileType = sourcecode.c.objc; path = GQNavigationController.m; sourceTree = "<group>"; };
		B7027C0519951B1B009E504C /* UIBarButtonItem+GQ.h */ = {isa = PBXFileReference; fileEncoding = 4; lastKnownFileType = sourcecode.c.h; path = "UIBarButtonItem+GQ.h"; sourceTree = "<group>"; };
		B7027C0619951B1B009E504C /* UIBarButtonItem+GQ.m */ = {isa = PBXFileReference; fileEncoding = 4; lastKnownFileType = sourcecode.c.objc; path = "UIBarButtonItem+GQ.m"; sourceTree = "<group>"; };
		B7027C0A19952636009E504C /* MeController.h */ = {isa = PBXFileReference; fileEncoding = 4; lastKnownFileType = sourcecode.c.h; path = MeController.h; sourceTree = "<group>"; };
		B7027C0B19952636009E504C /* MeController.m */ = {isa = PBXFileReference; fileEncoding = 4; lastKnownFileType = sourcecode.c.objc; path = MeController.m; sourceTree = "<group>"; };
		B7027C0F19952644009E504C /* MessageController.h */ = {isa = PBXFileReference; fileEncoding = 4; lastKnownFileType = sourcecode.c.h; path = MessageController.h; sourceTree = "<group>"; };
		B7027C1019952644009E504C /* MessageController.m */ = {isa = PBXFileReference; fileEncoding = 4; lastKnownFileType = sourcecode.c.objc; path = MessageController.m; sourceTree = "<group>"; };
		B7027C141995264A009E504C /* SquareController.h */ = {isa = PBXFileReference; fileEncoding = 4; lastKnownFileType = sourcecode.c.h; path = SquareController.h; sourceTree = "<group>"; };
		B7027C151995264A009E504C /* SquareController.m */ = {isa = PBXFileReference; fileEncoding = 4; lastKnownFileType = sourcecode.c.objc; path = SquareController.m; sourceTree = "<group>"; };
		B7027CCE19961425009E504C /* Dock.h */ = {isa = PBXFileReference; fileEncoding = 4; lastKnownFileType = sourcecode.c.h; path = Dock.h; sourceTree = "<group>"; };
		B7027CCF19961425009E504C /* Dock.m */ = {isa = PBXFileReference; fileEncoding = 4; lastKnownFileType = sourcecode.c.objc; path = Dock.m; sourceTree = "<group>"; };
		B7027CD019961425009E504C /* DockController.h */ = {isa = PBXFileReference; fileEncoding = 4; lastKnownFileType = sourcecode.c.h; path = DockController.h; sourceTree = "<group>"; };
		B7027CD119961425009E504C /* DockController.m */ = {isa = PBXFileReference; fileEncoding = 4; lastKnownFileType = sourcecode.c.objc; path = DockController.m; sourceTree = "<group>"; };
		B7027CD219961425009E504C /* DockItem.h */ = {isa = PBXFileReference; fileEncoding = 4; lastKnownFileType = sourcecode.c.h; path = DockItem.h; sourceTree = "<group>"; };
		B7027CD319961425009E504C /* DockItem.m */ = {isa = PBXFileReference; fileEncoding = 4; lastKnownFileType = sourcecode.c.objc; path = DockItem.m; sourceTree = "<group>"; };
		B7027CD819963E18009E504C /* More.plist */ = {isa = PBXFileReference; fileEncoding = 4; lastKnownFileType = text.plist.xml; path = More.plist; sourceTree = "<group>"; };
		B72D992419974650001BDDB3 /* common_card_background.png */ = {isa = PBXFileReference; lastKnownFileType = image.png; path = common_card_background.png; sourceTree = "<group>"; };
		B72D992519974650001BDDB3 /* common_card_background@2x.png */ = {isa = PBXFileReference; lastKnownFileType = image.png; path = "common_card_background@2x.png"; sourceTree = "<group>"; };
		B72D992619974650001BDDB3 /* common_card_background_highlighted.png */ = {isa = PBXFileReference; lastKnownFileType = image.png; path = common_card_background_highlighted.png; sourceTree = "<group>"; };
		B72D992719974650001BDDB3 /* common_card_background_highlighted@2x.png */ = {isa = PBXFileReference; lastKnownFileType = image.png; path = "common_card_background_highlighted@2x.png"; sourceTree = "<group>"; };
		B72D992819974650001BDDB3 /* common_card_bottom_background.png */ = {isa = PBXFileReference; lastKnownFileType = image.png; path = common_card_bottom_background.png; sourceTree = "<group>"; };
		B72D992919974650001BDDB3 /* common_card_bottom_background@2x.png */ = {isa = PBXFileReference; lastKnownFileType = image.png; path = "common_card_bottom_background@2x.png"; sourceTree = "<group>"; };
		B72D992A19974650001BDDB3 /* common_card_bottom_background_highlighted.png */ = {isa = PBXFileReference; lastKnownFileType = image.png; path = common_card_bottom_background_highlighted.png; sourceTree = "<group>"; };
		B72D992B19974650001BDDB3 /* common_card_bottom_background_highlighted@2x.png */ = {isa = PBXFileReference; lastKnownFileType = image.png; path = "common_card_bottom_background_highlighted@2x.png"; sourceTree = "<group>"; };
		B72D992C19974650001BDDB3 /* common_card_middle_background.png */ = {isa = PBXFileReference; lastKnownFileType = image.png; path = common_card_middle_background.png; sourceTree = "<group>"; };
		B72D992D19974650001BDDB3 /* common_card_middle_background@2x.png */ = {isa = PBXFileReference; lastKnownFileType = image.png; path = "common_card_middle_background@2x.png"; sourceTree = "<group>"; };
		B72D992E19974650001BDDB3 /* common_card_middle_background_highlighted.png */ = {isa = PBXFileReference; lastKnownFileType = image.png; path = common_card_middle_background_highlighted.png; sourceTree = "<group>"; };
		B72D992F19974650001BDDB3 /* common_card_middle_background_highlighted@2x.png */ = {isa = PBXFileReference; lastKnownFileType = image.png; path = "common_card_middle_background_highlighted@2x.png"; sourceTree = "<group>"; };
		B72D993019974650001BDDB3 /* common_card_top_background.png */ = {isa = PBXFileReference; lastKnownFileType = image.png; path = common_card_top_background.png; sourceTree = "<group>"; };
		B72D993119974650001BDDB3 /* common_card_top_background@2x.png */ = {isa = PBXFileReference; lastKnownFileType = image.png; path = "common_card_top_background@2x.png"; sourceTree = "<group>"; };
		B72D993219974650001BDDB3 /* common_card_top_background_highlighted.png */ = {isa = PBXFileReference; lastKnownFileType = image.png; path = common_card_top_background_highlighted.png; sourceTree = "<group>"; };
		B72D993319974650001BDDB3 /* common_card_top_background_highlighted@2x.png */ = {isa = PBXFileReference; lastKnownFileType = image.png; path = "common_card_top_background_highlighted@2x.png"; sourceTree = "<group>"; };
		B73EAED21990FECB00E3727E /* QingWeibo.app */ = {isa = PBXFileReference; explicitFileType = wrapper.application; includeInIndex = 0; path = QingWeibo.app; sourceTree = BUILT_PRODUCTS_DIR; };
		B73EAED51990FECB00E3727E /* Foundation.framework */ = {isa = PBXFileReference; lastKnownFileType = wrapper.framework; name = Foundation.framework; path = System/Library/Frameworks/Foundation.framework; sourceTree = SDKROOT; };
		B73EAED71990FECB00E3727E /* CoreGraphics.framework */ = {isa = PBXFileReference; lastKnownFileType = wrapper.framework; name = CoreGraphics.framework; path = System/Library/Frameworks/CoreGraphics.framework; sourceTree = SDKROOT; };
		B73EAED91990FECB00E3727E /* UIKit.framework */ = {isa = PBXFileReference; lastKnownFileType = wrapper.framework; name = UIKit.framework; path = System/Library/Frameworks/UIKit.framework; sourceTree = SDKROOT; };
		B73EAEDD1990FECB00E3727E /* QingWeibo-Info.plist */ = {isa = PBXFileReference; lastKnownFileType = text.plist.xml; path = "QingWeibo-Info.plist"; sourceTree = "<group>"; };
		B73EAEDF1990FECB00E3727E /* en */ = {isa = PBXFileReference; lastKnownFileType = text.plist.strings; name = en; path = en.lproj/InfoPlist.strings; sourceTree = "<group>"; };
		B73EAEE31990FECB00E3727E /* QingWeibo-Prefix.pch */ = {isa = PBXFileReference; lastKnownFileType = sourcecode.c.h; path = "QingWeibo-Prefix.pch"; sourceTree = "<group>"; };
		B73EAEE71990FECB00E3727E /* Images.xcassets */ = {isa = PBXFileReference; lastKnownFileType = folder.assetcatalog; path = Images.xcassets; sourceTree = "<group>"; };
		B73EAEED1990FECB00E3727E /* QingWeiboTests.xctest */ = {isa = PBXFileReference; explicitFileType = wrapper.cfbundle; includeInIndex = 0; path = QingWeiboTests.xctest; sourceTree = BUILT_PRODUCTS_DIR; };
		B73EAEEE1990FECB00E3727E /* XCTest.framework */ = {isa = PBXFileReference; lastKnownFileType = wrapper.framework; name = XCTest.framework; path = Library/Frameworks/XCTest.framework; sourceTree = DEVELOPER_DIR; };
		B73EAEF61990FECB00E3727E /* QingWeiboTests-Info.plist */ = {isa = PBXFileReference; lastKnownFileType = text.plist.xml; path = "QingWeiboTests-Info.plist"; sourceTree = "<group>"; };
		B73EAEF81990FECB00E3727E /* en */ = {isa = PBXFileReference; lastKnownFileType = text.plist.strings; name = en; path = en.lproj/InfoPlist.strings; sourceTree = "<group>"; };
		B73EAEFA1990FECB00E3727E /* QingWeiboTests.m */ = {isa = PBXFileReference; lastKnownFileType = sourcecode.c.objc; path = QingWeiboTests.m; sourceTree = "<group>"; };
		B73EAF071990FEF100E3727E /* Default-568h@2x.png */ = {isa = PBXFileReference; lastKnownFileType = image.png; path = "Default-568h@2x.png"; sourceTree = "<group>"; };
		B73EAF081990FEF100E3727E /* Default.png */ = {isa = PBXFileReference; lastKnownFileType = image.png; path = Default.png; sourceTree = "<group>"; };
		B73EAF091990FEF100E3727E /* Default@2x.png */ = {isa = PBXFileReference; lastKnownFileType = image.png; path = "Default@2x.png"; sourceTree = "<group>"; };
		B73EAF0A1990FEF100E3727E /* Icon.png */ = {isa = PBXFileReference; lastKnownFileType = image.png; path = Icon.png; sourceTree = "<group>"; };
		B73EAF0B1990FEF100E3727E /* Icon@2x.png */ = {isa = PBXFileReference; lastKnownFileType = image.png; path = "Icon@2x.png"; sourceTree = "<group>"; };
		B73EAF0D1990FEF100E3727E /* new_feature_1-568h@2x.png */ = {isa = PBXFileReference; lastKnownFileType = image.png; path = "new_feature_1-568h@2x.png"; sourceTree = "<group>"; };
		B73EAF0E1990FEF100E3727E /* new_feature_1.png */ = {isa = PBXFileReference; lastKnownFileType = image.png; path = new_feature_1.png; sourceTree = "<group>"; };
		B73EAF0F1990FEF100E3727E /* new_feature_1@2x.png */ = {isa = PBXFileReference; lastKnownFileType = image.png; path = "new_feature_1@2x.png"; sourceTree = "<group>"; };
		B73EAF101990FEF100E3727E /* new_feature_2-568h@2x.png */ = {isa = PBXFileReference; lastKnownFileType = image.png; path = "new_feature_2-568h@2x.png"; sourceTree = "<group>"; };
		B73EAF111990FEF100E3727E /* new_feature_2.png */ = {isa = PBXFileReference; lastKnownFileType = image.png; path = new_feature_2.png; sourceTree = "<group>"; };
		B73EAF121990FEF100E3727E /* new_feature_2@2x.png */ = {isa = PBXFileReference; lastKnownFileType = image.png; path = "new_feature_2@2x.png"; sourceTree = "<group>"; };
		B73EAF131990FEF100E3727E /* new_feature_3-568h@2x.png */ = {isa = PBXFileReference; lastKnownFileType = image.png; path = "new_feature_3-568h@2x.png"; sourceTree = "<group>"; };
		B73EAF141990FEF100E3727E /* new_feature_3.png */ = {isa = PBXFileReference; lastKnownFileType = image.png; path = new_feature_3.png; sourceTree = "<group>"; };
		B73EAF151990FEF100E3727E /* new_feature_3@2x.png */ = {isa = PBXFileReference; lastKnownFileType = image.png; path = "new_feature_3@2x.png"; sourceTree = "<group>"; };
		B73EAF161990FEF100E3727E /* new_feature_4-568h@2x.png */ = {isa = PBXFileReference; lastKnownFileType = image.png; path = "new_feature_4-568h@2x.png"; sourceTree = "<group>"; };
		B73EAF171990FEF100E3727E /* new_feature_4.png */ = {isa = PBXFileReference; lastKnownFileType = image.png; path = new_feature_4.png; sourceTree = "<group>"; };
		B73EAF181990FEF100E3727E /* new_feature_4@2x.png */ = {isa = PBXFileReference; lastKnownFileType = image.png; path = "new_feature_4@2x.png"; sourceTree = "<group>"; };
		B73EAF191990FEF100E3727E /* new_feature_background-568h@2x.png */ = {isa = PBXFileReference; lastKnownFileType = image.png; path = "new_feature_background-568h@2x.png"; sourceTree = "<group>"; };
		B73EAF1A1990FEF100E3727E /* new_feature_background.png */ = {isa = PBXFileReference; lastKnownFileType = image.png; path = new_feature_background.png; sourceTree = "<group>"; };
		B73EAF1B1990FEF100E3727E /* new_feature_background@2x.png */ = {isa = PBXFileReference; lastKnownFileType = image.png; path = "new_feature_background@2x.png"; sourceTree = "<group>"; };
		B73EAF1C1990FEF100E3727E /* new_feature_finish_button.png */ = {isa = PBXFileReference; lastKnownFileType = image.png; path = new_feature_finish_button.png; sourceTree = "<group>"; };
		B73EAF1D1990FEF100E3727E /* new_feature_finish_button@2x.png */ = {isa = PBXFileReference; lastKnownFileType = image.png; path = "new_feature_finish_button@2x.png"; sourceTree = "<group>"; };
		B73EAF1E1990FEF100E3727E /* new_feature_finish_button_highlighted.png */ = {isa = PBXFileReference; lastKnownFileType = image.png; path = new_feature_finish_button_highlighted.png; sourceTree = "<group>"; };
		B73EAF1F1990FEF100E3727E /* new_feature_finish_button_highlighted@2x.png */ = {isa = PBXFileReference; lastKnownFileType = image.png; path = "new_feature_finish_button_highlighted@2x.png"; sourceTree = "<group>"; };
		B73EAF201990FEF100E3727E /* new_feature_pagecontrol_checked_point.png */ = {isa = PBXFileReference; lastKnownFileType = image.png; path = new_feature_pagecontrol_checked_point.png; sourceTree = "<group>"; };
		B73EAF211990FEF100E3727E /* new_feature_pagecontrol_checked_point@2x.png */ = {isa = PBXFileReference; lastKnownFileType = image.png; path = "new_feature_pagecontrol_checked_point@2x.png"; sourceTree = "<group>"; };
		B73EAF221990FEF100E3727E /* new_feature_pagecontrol_point.png */ = {isa = PBXFileReference; lastKnownFileType = image.png; path = new_feature_pagecontrol_point.png; sourceTree = "<group>"; };
		B73EAF231990FEF100E3727E /* new_feature_pagecontrol_point@2x.png */ = {isa = PBXFileReference; lastKnownFileType = image.png; path = "new_feature_pagecontrol_point@2x.png"; sourceTree = "<group>"; };
		B73EAF241990FEF100E3727E /* new_feature_share_false.png */ = {isa = PBXFileReference; lastKnownFileType = image.png; path = new_feature_share_false.png; sourceTree = "<group>"; };
		B73EAF251990FEF100E3727E /* new_feature_share_false@2x.png */ = {isa = PBXFileReference; lastKnownFileType = image.png; path = "new_feature_share_false@2x.png"; sourceTree = "<group>"; };
		B73EAF261990FEF100E3727E /* new_feature_share_true.png */ = {isa = PBXFileReference; lastKnownFileType = image.png; path = new_feature_share_true.png; sourceTree = "<group>"; };
		B73EAF271990FEF100E3727E /* new_feature_share_true@2x.png */ = {isa = PBXFileReference; lastKnownFileType = image.png; path = "new_feature_share_true@2x.png"; sourceTree = "<group>"; };
		B73EAF50199105D000E3727E /* AppDelegate.h */ = {isa = PBXFileReference; fileEncoding = 4; lastKnownFileType = sourcecode.c.h; path = AppDelegate.h; sourceTree = "<group>"; };
		B73EAF51199105D000E3727E /* AppDelegate.m */ = {isa = PBXFileReference; fileEncoding = 4; lastKnownFileType = sourcecode.c.objc; path = AppDelegate.m; sourceTree = "<group>"; };
		B73EAF53199105D000E3727E /* main.m */ = {isa = PBXFileReference; fileEncoding = 4; lastKnownFileType = sourcecode.c.objc; path = main.m; sourceTree = "<group>"; };
		B73EAF571991063C00E3727E /* NewFeatureController.h */ = {isa = PBXFileReference; fileEncoding = 4; lastKnownFileType = sourcecode.c.h; path = NewFeatureController.h; sourceTree = "<group>"; };
		B73EAF581991063C00E3727E /* NewFeatureController.m */ = {isa = PBXFileReference; fileEncoding = 4; lastKnownFileType = sourcecode.c.objc; path = NewFeatureController.m; sourceTree = "<group>"; };
		B73EAF5C19910EE700E3727E /* MainController.h */ = {isa = PBXFileReference; fileEncoding = 4; lastKnownFileType = sourcecode.c.h; path = MainController.h; sourceTree = "<group>"; };
		B73EAF5D19910EE700E3727E /* MainController.m */ = {isa = PBXFileReference; fileEncoding = 4; lastKnownFileType = sourcecode.c.objc; path = MainController.m; sourceTree = "<group>"; };
		B75E840819939C5900ACEA0A /* main_badge.png */ = {isa = PBXFileReference; lastKnownFileType = image.png; path = main_badge.png; sourceTree = "<group>"; };
		B75E840919939C5900ACEA0A /* main_badge@2x.png */ = {isa = PBXFileReference; lastKnownFileType = image.png; path = "main_badge@2x.png"; sourceTree = "<group>"; };
		B75E840A19939C5900ACEA0A /* tabbar_background.png */ = {isa = PBXFileReference; lastKnownFileType = image.png; path = tabbar_background.png; sourceTree = "<group>"; };
		B75E840B19939C5900ACEA0A /* tabbar_background@2x.png */ = {isa = PBXFileReference; lastKnownFileType = image.png; path = "tabbar_background@2x.png"; sourceTree = "<group>"; };
		B75E840C19939C5900ACEA0A /* tabbar_discover.png */ = {isa = PBXFileReference; lastKnownFileType = image.png; path = tabbar_discover.png; sourceTree = "<group>"; };
		B75E840D19939C5900ACEA0A /* tabbar_discover@2x.png */ = {isa = PBXFileReference; lastKnownFileType = image.png; path = "tabbar_discover@2x.png"; sourceTree = "<group>"; };
		B75E840E19939C5900ACEA0A /* tabbar_discover_selected.png */ = {isa = PBXFileReference; lastKnownFileType = image.png; path = tabbar_discover_selected.png; sourceTree = "<group>"; };
		B75E840F19939C5900ACEA0A /* tabbar_discover_selected@2x.png */ = {isa = PBXFileReference; lastKnownFileType = image.png; path = "tabbar_discover_selected@2x.png"; sourceTree = "<group>"; };
		B75E841019939C5900ACEA0A /* tabbar_home.png */ = {isa = PBXFileReference; lastKnownFileType = image.png; path = tabbar_home.png; sourceTree = "<group>"; };
		B75E841119939C5900ACEA0A /* tabbar_home@2x.png */ = {isa = PBXFileReference; lastKnownFileType = image.png; path = "tabbar_home@2x.png"; sourceTree = "<group>"; };
		B75E841219939C5900ACEA0A /* tabbar_home_selected.png */ = {isa = PBXFileReference; lastKnownFileType = image.png; path = tabbar_home_selected.png; sourceTree = "<group>"; };
		B75E841319939C5900ACEA0A /* tabbar_home_selected@2x.png */ = {isa = PBXFileReference; lastKnownFileType = image.png; path = "tabbar_home_selected@2x.png"; sourceTree = "<group>"; };
		B75E841419939C5900ACEA0A /* tabbar_message_center.png */ = {isa = PBXFileReference; lastKnownFileType = image.png; path = tabbar_message_center.png; sourceTree = "<group>"; };
		B75E841519939C5900ACEA0A /* tabbar_message_center@2x.png */ = {isa = PBXFileReference; lastKnownFileType = image.png; path = "tabbar_message_center@2x.png"; sourceTree = "<group>"; };
		B75E841619939C5900ACEA0A /* tabbar_message_center_selected.png */ = {isa = PBXFileReference; lastKnownFileType = image.png; path = tabbar_message_center_selected.png; sourceTree = "<group>"; };
		B75E841719939C5900ACEA0A /* tabbar_message_center_selected@2x.png */ = {isa = PBXFileReference; lastKnownFileType = image.png; path = "tabbar_message_center_selected@2x.png"; sourceTree = "<group>"; };
		B75E841819939C5900ACEA0A /* tabbar_more.png */ = {isa = PBXFileReference; lastKnownFileType = image.png; path = tabbar_more.png; sourceTree = "<group>"; };
		B75E841919939C5900ACEA0A /* tabbar_more@2x.png */ = {isa = PBXFileReference; lastKnownFileType = image.png; path = "tabbar_more@2x.png"; sourceTree = "<group>"; };
		B75E841A19939C5900ACEA0A /* tabbar_more_selected.png */ = {isa = PBXFileReference; lastKnownFileType = image.png; path = tabbar_more_selected.png; sourceTree = "<group>"; };
		B75E841B19939C5900ACEA0A /* tabbar_more_selected@2x.png */ = {isa = PBXFileReference; lastKnownFileType = image.png; path = "tabbar_more_selected@2x.png"; sourceTree = "<group>"; };
		B75E841C19939C5900ACEA0A /* tabbar_profile.png */ = {isa = PBXFileReference; lastKnownFileType = image.png; path = tabbar_profile.png; sourceTree = "<group>"; };
		B75E841D19939C5900ACEA0A /* tabbar_profile@2x.png */ = {isa = PBXFileReference; lastKnownFileType = image.png; path = "tabbar_profile@2x.png"; sourceTree = "<group>"; };
		B75E841E19939C5900ACEA0A /* tabbar_profile_selected.png */ = {isa = PBXFileReference; lastKnownFileType = image.png; path = tabbar_profile_selected.png; sourceTree = "<group>"; };
		B75E841F19939C5900ACEA0A /* tabbar_profile_selected@2x.png */ = {isa = PBXFileReference; lastKnownFileType = image.png; path = "tabbar_profile_selected@2x.png"; sourceTree = "<group>"; };
		B75E842019939C5900ACEA0A /* tabbar_slider.png */ = {isa = PBXFileReference; lastKnownFileType = image.png; path = tabbar_slider.png; sourceTree = "<group>"; };
		B75E842119939C5900ACEA0A /* tabbar_slider@2x.png */ = {isa = PBXFileReference; lastKnownFileType = image.png; path = "tabbar_slider@2x.png"; sourceTree = "<group>"; };
		B75E842319939C5900ACEA0A /* navigationbar_compose.png */ = {isa = PBXFileReference; lastKnownFileType = image.png; path = navigationbar_compose.png; sourceTree = "<group>"; };
		B75E842419939C5900ACEA0A /* navigationbar_compose@2x.png */ = {isa = PBXFileReference; lastKnownFileType = image.png; path = "navigationbar_compose@2x.png"; sourceTree = "<group>"; };
		B75E842519939C5900ACEA0A /* navigationbar_compose_highlighted.png */ = {isa = PBXFileReference; lastKnownFileType = image.png; path = navigationbar_compose_highlighted.png; sourceTree = "<group>"; };
		B75E842619939C5900ACEA0A /* navigationbar_compose_highlighted@2x.png */ = {isa = PBXFileReference; lastKnownFileType = image.png; path = "navigationbar_compose_highlighted@2x.png"; sourceTree = "<group>"; };
		B75E842719939C5900ACEA0A /* navigationbar_pop.png */ = {isa = PBXFileReference; lastKnownFileType = image.png; path = navigationbar_pop.png; sourceTree = "<group>"; };
		B75E842819939C5900ACEA0A /* navigationbar_pop@2x.png */ = {isa = PBXFileReference; lastKnownFileType = image.png; path = "navigationbar_pop@2x.png"; sourceTree = "<group>"; };
		B75E842919939C5900ACEA0A /* navigationbar_pop_highlighted.png */ = {isa = PBXFileReference; lastKnownFileType = image.png; path = navigationbar_pop_highlighted.png; sourceTree = "<group>"; };
		B75E842A19939C5900ACEA0A /* navigationbar_pop_highlighted@2x.png */ = {isa = PBXFileReference; lastKnownFileType = image.png; path = "navigationbar_pop_highlighted@2x.png"; sourceTree = "<group>"; };
		B75E842C19939C5900ACEA0A /* navigationbar_back.png */ = {isa = PBXFileReference; lastKnownFileType = image.png; path = navigationbar_back.png; sourceTree = "<group>"; };
		B75E842D19939C5900ACEA0A /* navigationbar_back@2x.png */ = {isa = PBXFileReference; lastKnownFileType = image.png; path = "navigationbar_back@2x.png"; sourceTree = "<group>"; };
		B75E842E19939C5900ACEA0A /* navigationbar_back_highlighted.png */ = {isa = PBXFileReference; lastKnownFileType = image.png; path = navigationbar_back_highlighted.png; sourceTree = "<group>"; };
		B75E842F19939C5900ACEA0A /* navigationbar_back_highlighted@2x.png */ = {isa = PBXFileReference; lastKnownFileType = image.png; path = "navigationbar_back_highlighted@2x.png"; sourceTree = "<group>"; };
		B75E843019939C5900ACEA0A /* navigationbar_back_right.png */ = {isa = PBXFileReference; lastKnownFileType = image.png; path = navigationbar_back_right.png; sourceTree = "<group>"; };
		B75E843119939C5900ACEA0A /* navigationbar_back_right@2x.png */ = {isa = PBXFileReference; lastKnownFileType = image.png; path = "navigationbar_back_right@2x.png"; sourceTree = "<group>"; };
		B75E843219939C5900ACEA0A /* navigationbar_back_right_highlighted.png */ = {isa = PBXFileReference; lastKnownFileType = image.png; path = navigationbar_back_right_highlighted.png; sourceTree = "<group>"; };
		B75E843319939C5900ACEA0A /* navigationbar_back_right_highlighted@2x.png */ = {isa = PBXFileReference; lastKnownFileType = image.png; path = "navigationbar_back_right_highlighted@2x.png"; sourceTree = "<group>"; };
		B75E843419939C5900ACEA0A /* navigationbar_background.png */ = {isa = PBXFileReference; lastKnownFileType = image.png; path = navigationbar_background.png; sourceTree = "<group>"; };
		B75E843519939C5900ACEA0A /* navigationbar_background@2x.png */ = {isa = PBXFileReference; lastKnownFileType = image.png; path = "navigationbar_background@2x.png"; sourceTree = "<group>"; };
		B75E843619939C5900ACEA0A /* navigationbar_button_background.png */ = {isa = PBXFileReference; lastKnownFileType = image.png; path = navigationbar_button_background.png; sourceTree = "<group>"; };
		B75E843719939C5900ACEA0A /* navigationbar_button_background@2x.png */ = {isa = PBXFileReference; lastKnownFileType = image.png; path = "navigationbar_button_background@2x.png"; sourceTree = "<group>"; };
		B75E843819939C5900ACEA0A /* navigationbar_button_background_disable.png */ = {isa = PBXFileReference; lastKnownFileType = image.png; path = navigationbar_button_background_disable.png; sourceTree = "<group>"; };
		B75E843919939C5900ACEA0A /* navigationbar_button_background_disable@2x.png */ = {isa = PBXFileReference; lastKnownFileType = image.png; path = "navigationbar_button_background_disable@2x.png"; sourceTree = "<group>"; };
		B75E843A19939C5900ACEA0A /* navigationbar_button_background_disabled.png */ = {isa = PBXFileReference; lastKnownFileType = image.png; path = navigationbar_button_background_disabled.png; sourceTree = "<group>"; };
		B75E843B19939C5900ACEA0A /* navigationbar_button_background_disabled@2x.png */ = {isa = PBXFileReference; lastKnownFileType = image.png; path = "navigationbar_button_background_disabled@2x.png"; sourceTree = "<group>"; };
		B75E843C19939C5900ACEA0A /* navigationbar_button_background_pushed.png */ = {isa = PBXFileReference; lastKnownFileType = image.png; path = navigationbar_button_background_pushed.png; sourceTree = "<group>"; };
		B75E843D19939C5900ACEA0A /* navigationbar_button_background_pushed@2x.png */ = {isa = PBXFileReference; lastKnownFileType = image.png; path = "navigationbar_button_background_pushed@2x.png"; sourceTree = "<group>"; };
		B75E843E19939C5900ACEA0A /* navigationbar_home.png */ = {isa = PBXFileReference; lastKnownFileType = image.png; path = navigationbar_home.png; sourceTree = "<group>"; };
		B75E843F19939C5900ACEA0A /* navigationbar_home@2x.png */ = {isa = PBXFileReference; lastKnownFileType = image.png; path = "navigationbar_home@2x.png"; sourceTree = "<group>"; };
		B75E844019939C5900ACEA0A /* navigationbar_home_highlighted.png */ = {isa = PBXFileReference; lastKnownFileType = image.png; path = navigationbar_home_highlighted.png; sourceTree = "<group>"; };
		B75E844119939C5900ACEA0A /* navigationbar_home_highlighted@2x.png */ = {isa = PBXFileReference; lastKnownFileType = image.png; path = "navigationbar_home_highlighted@2x.png"; sourceTree = "<group>"; };
		B75E844219939C5900ACEA0A /* navigationbar_more.png */ = {isa = PBXFileReference; lastKnownFileType = image.png; path = navigationbar_more.png; sourceTree = "<group>"; };
		B75E844319939C5900ACEA0A /* navigationbar_more@2x.png */ = {isa = PBXFileReference; lastKnownFileType = image.png; path = "navigationbar_more@2x.png"; sourceTree = "<group>"; };
		B75E844419939C5900ACEA0A /* navigationbar_more_highlighted.png */ = {isa = PBXFileReference; lastKnownFileType = image.png; path = navigationbar_more_highlighted.png; sourceTree = "<group>"; };
		B75E844519939C5900ACEA0A /* navigationbar_more_highlighted@2x.png */ = {isa = PBXFileReference; lastKnownFileType = image.png; path = "navigationbar_more_highlighted@2x.png"; sourceTree = "<group>"; };
		B75E84851993A1B800ACEA0A /* NSString+GQ.h */ = {isa = PBXFileReference; fileEncoding = 4; lastKnownFileType = sourcecode.c.h; path = "NSString+GQ.h"; sourceTree = "<group>"; };
		B75E84861993A1B800ACEA0A /* NSString+GQ.m */ = {isa = PBXFileReference; fileEncoding = 4; lastKnownFileType = sourcecode.c.objc; path = "NSString+GQ.m"; sourceTree = "<group>"; };
		B78E24FB19925CF700D7DA2C /* UIImage+Addtion.h */ = {isa = PBXFileReference; fileEncoding = 4; lastKnownFileType = sourcecode.c.h; path = "UIImage+Addtion.h"; sourceTree = "<group>"; };
		B78E24FC19925CF700D7DA2C /* UIImage+Addtion.m */ = {isa = PBXFileReference; fileEncoding = 4; lastKnownFileType = sourcecode.c.objc; path = "UIImage+Addtion.m"; sourceTree = "<group>"; };
		B78E24FE1992665500D7DA2C /* common.h */ = {isa = PBXFileReference; fileEncoding = 4; lastKnownFileType = sourcecode.c.h; path = common.h; sourceTree = "<group>"; };
		B7E754341991D587001F0733 /* description.txt */ = {isa = PBXFileReference; fileEncoding = 4; lastKnownFileType = text; path = description.txt; sourceTree = "<group>"; };
/* End PBXFileReference section */

/* Begin PBXFrameworksBuildPhase section */
		B73EAECF1990FECA00E3727E /* Frameworks */ = {
			isa = PBXFrameworksBuildPhase;
			buildActionMask = 2147483647;
			files = (
				B73EAED81990FECB00E3727E /* CoreGraphics.framework in Frameworks */,
				B73EAEDA1990FECB00E3727E /* UIKit.framework in Frameworks */,
				B73EAED61990FECB00E3727E /* Foundation.framework in Frameworks */,
			);
			runOnlyForDeploymentPostprocessing = 0;
		};
		B73EAEEA1990FECB00E3727E /* Frameworks */ = {
			isa = PBXFrameworksBuildPhase;
			buildActionMask = 2147483647;
			files = (
				B73EAEEF1990FECB00E3727E /* XCTest.framework in Frameworks */,
				B73EAEF11990FECB00E3727E /* UIKit.framework in Frameworks */,
				B73EAEF01990FECB00E3727E /* Foundation.framework in Frameworks */,
			);
			runOnlyForDeploymentPostprocessing = 0;
		};
/* End PBXFrameworksBuildPhase section */

/* Begin PBXGroup section */
		B7027BF91994EA37009E504C /* controller */ = {
			isa = PBXGroup;
			children = (
				B7027BFC1994EA7E009E504C /* HomeController.h */,
				B7027BFD1994EA7E009E504C /* HomeController.m */,
			);
			path = controller;
			sourceTree = "<group>";
		};
		B7027BFA1994EA6D009E504C /* more */ = {
			isa = PBXGroup;
			children = (
				B7027BFB1994EA6D009E504C /* controller */,
			);
			path = more;
			sourceTree = "<group>";
		};
		B7027BFB1994EA6D009E504C /* controller */ = {
			isa = PBXGroup;
			children = (
				B7027BFF1994EA8E009E504C /* MoreController.h */,
				B7027C001994EA8E009E504C /* MoreController.m */,
			);
			path = controller;
			sourceTree = "<group>";
		};
		B7027C0819952636009E504C /* Me */ = {
			isa = PBXGroup;
			children = (
				B7027C0919952636009E504C /* Controller */,
			);
			path = Me;
			sourceTree = "<group>";
		};
		B7027C0919952636009E504C /* Controller */ = {
			isa = PBXGroup;
			children = (
				B7027C0A19952636009E504C /* MeController.h */,
				B7027C0B19952636009E504C /* MeController.m */,
			);
			path = Controller;
			sourceTree = "<group>";
		};
		B7027C0D19952644009E504C /* Message */ = {
			isa = PBXGroup;
			children = (
				B7027C0E19952644009E504C /* Controller */,
			);
			path = Message;
			sourceTree = "<group>";
		};
		B7027C0E19952644009E504C /* Controller */ = {
			isa = PBXGroup;
			children = (
				B7027C0F19952644009E504C /* MessageController.h */,
				B7027C1019952644009E504C /* MessageController.m */,
			);
			path = Controller;
			sourceTree = "<group>";
		};
		B7027C121995264A009E504C /* Square */ = {
			isa = PBXGroup;
			children = (
				B7027C131995264A009E504C /* Controller */,
			);
			path = Square;
			sourceTree = "<group>";
		};
		B7027C131995264A009E504C /* Controller */ = {
			isa = PBXGroup;
			children = (
				B7027C141995264A009E504C /* SquareController.h */,
				B7027C151995264A009E504C /* SquareController.m */,
			);
			path = Controller;
			sourceTree = "<group>";
		};
		B7027CCD19961425009E504C /* view */ = {
			isa = PBXGroup;
			children = (
				B7027CCE19961425009E504C /* Dock.h */,
				B7027CCF19961425009E504C /* Dock.m */,
				B7027CD019961425009E504C /* DockController.h */,
				B7027CD119961425009E504C /* DockController.m */,
				B7027CD219961425009E504C /* DockItem.h */,
				B7027CD319961425009E504C /* DockItem.m */,
			);
			path = view;
			sourceTree = "<group>";
		};
		B7027CD719963E18009E504C /* data */ = {
			isa = PBXGroup;
			children = (
				B7027CD819963E18009E504C /* More.plist */,
			);
			path = data;
			sourceTree = "<group>";
		};
		B72D992319974650001BDDB3 /* CommonCard */ = {
			isa = PBXGroup;
			children = (
				B72D992419974650001BDDB3 /* common_card_background.png */,
				B72D992519974650001BDDB3 /* common_card_background@2x.png */,
				B72D992619974650001BDDB3 /* common_card_background_highlighted.png */,
				B72D992719974650001BDDB3 /* common_card_background_highlighted@2x.png */,
				B72D992819974650001BDDB3 /* common_card_bottom_background.png */,
				B72D992919974650001BDDB3 /* common_card_bottom_background@2x.png */,
				B72D992A19974650001BDDB3 /* common_card_bottom_background_highlighted.png */,
				B72D992B19974650001BDDB3 /* common_card_bottom_background_highlighted@2x.png */,
				B72D992C19974650001BDDB3 /* common_card_middle_background.png */,
				B72D992D19974650001BDDB3 /* common_card_middle_background@2x.png */,
				B72D992E19974650001BDDB3 /* common_card_middle_background_highlighted.png */,
				B72D992F19974650001BDDB3 /* common_card_middle_background_highlighted@2x.png */,
				B72D993019974650001BDDB3 /* common_card_top_background.png */,
				B72D993119974650001BDDB3 /* common_card_top_background@2x.png */,
				B72D993219974650001BDDB3 /* common_card_top_background_highlighted.png */,
				B72D993319974650001BDDB3 /* common_card_top_background_highlighted@2x.png */,
			);
			path = CommonCard;
			sourceTree = "<group>";
		};
		B73EAEC91990FECA00E3727E = {
			isa = PBXGroup;
			children = (
				B73EAEDB1990FECB00E3727E /* QingWeibo */,
				B73EAEF41990FECB00E3727E /* QingWeiboTests */,
				B73EAED41990FECB00E3727E /* Frameworks */,
				B73EAED31990FECB00E3727E /* Products */,
			);
			sourceTree = "<group>";
		};
		B73EAED31990FECB00E3727E /* Products */ = {
			isa = PBXGroup;
			children = (
				B73EAED21990FECB00E3727E /* QingWeibo.app */,
				B73EAEED1990FECB00E3727E /* QingWeiboTests.xctest */,
			);
			name = Products;
			sourceTree = "<group>";
		};
		B73EAED41990FECB00E3727E /* Frameworks */ = {
			isa = PBXGroup;
			children = (
				B73EAED51990FECB00E3727E /* Foundation.framework */,
				B73EAED71990FECB00E3727E /* CoreGraphics.framework */,
				B73EAED91990FECB00E3727E /* UIKit.framework */,
				B73EAEEE1990FECB00E3727E /* XCTest.framework */,
			);
			name = Frameworks;
			sourceTree = "<group>";
		};
		B73EAEDB1990FECB00E3727E /* QingWeibo */ = {
			isa = PBXGroup;
			children = (
				B73EAF49199105D000E3727E /* classes */,
				B73EAEE71990FECB00E3727E /* Images.xcassets */,
				B73EAEDC1990FECB00E3727E /* Supporting Files */,
				B7E754341991D587001F0733 /* description.txt */,
			);
			path = QingWeibo;
			sourceTree = "<group>";
		};
		B73EAEDC1990FECB00E3727E /* Supporting Files */ = {
			isa = PBXGroup;
			children = (
				B73EAF041990FEF100E3727E /* Resource */,
				B73EAEDD1990FECB00E3727E /* QingWeibo-Info.plist */,
				B73EAEDE1990FECB00E3727E /* InfoPlist.strings */,
				B73EAEE31990FECB00E3727E /* QingWeibo-Prefix.pch */,
			);
			name = "Supporting Files";
			sourceTree = "<group>";
		};
		B73EAEF41990FECB00E3727E /* QingWeiboTests */ = {
			isa = PBXGroup;
			children = (
				B73EAEFA1990FECB00E3727E /* QingWeiboTests.m */,
				B73EAEF51990FECB00E3727E /* Supporting Files */,
			);
			path = QingWeiboTests;
			sourceTree = "<group>";
		};
		B73EAEF51990FECB00E3727E /* Supporting Files */ = {
			isa = PBXGroup;
			children = (
				B73EAEF61990FECB00E3727E /* QingWeiboTests-Info.plist */,
				B73EAEF71990FECB00E3727E /* InfoPlist.strings */,
			);
			name = "Supporting Files";
			sourceTree = "<group>";
		};
		B73EAF041990FEF100E3727E /* Resource */ = {
			isa = PBXGroup;
			children = (
				B7027CD719963E18009E504C /* data */,
				B73EAF051990FEF100E3727E /* Image */,
				B73EAF281990FEF100E3727E /* Music */,
			);
			path = Resource;
			sourceTree = "<group>";
		};
		B73EAF051990FEF100E3727E /* Image */ = {
			isa = PBXGroup;
			children = (
				B72D992319974650001BDDB3 /* CommonCard */,
				B75E840719939C5900ACEA0A /* Dock */,
				B75E842219939C5900ACEA0A /* Home */,
				B75E842B19939C5900ACEA0A /* Navigation */,
				B73EAF061990FEF100E3727E /* Icon */,
				B73EAF0C1990FEF100E3727E /* Newfeature */,
			);
			path = Image;
			sourceTree = "<group>";
		};
		B73EAF061990FEF100E3727E /* Icon */ = {
			isa = PBXGroup;
			children = (
				B73EAF071990FEF100E3727E /* Default-568h@2x.png */,
				B73EAF081990FEF100E3727E /* Default.png */,
				B73EAF091990FEF100E3727E /* Default@2x.png */,
				B73EAF0A1990FEF100E3727E /* Icon.png */,
				B73EAF0B1990FEF100E3727E /* Icon@2x.png */,
			);
			path = Icon;
			sourceTree = "<group>";
		};
		B73EAF0C1990FEF100E3727E /* Newfeature */ = {
			isa = PBXGroup;
			children = (
				B73EAF0D1990FEF100E3727E /* new_feature_1-568h@2x.png */,
				B73EAF0E1990FEF100E3727E /* new_feature_1.png */,
				B73EAF0F1990FEF100E3727E /* new_feature_1@2x.png */,
				B73EAF101990FEF100E3727E /* new_feature_2-568h@2x.png */,
				B73EAF111990FEF100E3727E /* new_feature_2.png */,
				B73EAF121990FEF100E3727E /* new_feature_2@2x.png */,
				B73EAF131990FEF100E3727E /* new_feature_3-568h@2x.png */,
				B73EAF141990FEF100E3727E /* new_feature_3.png */,
				B73EAF151990FEF100E3727E /* new_feature_3@2x.png */,
				B73EAF161990FEF100E3727E /* new_feature_4-568h@2x.png */,
				B73EAF171990FEF100E3727E /* new_feature_4.png */,
				B73EAF181990FEF100E3727E /* new_feature_4@2x.png */,
				B73EAF191990FEF100E3727E /* new_feature_background-568h@2x.png */,
				B73EAF1A1990FEF100E3727E /* new_feature_background.png */,
				B73EAF1B1990FEF100E3727E /* new_feature_background@2x.png */,
				B73EAF1C1990FEF100E3727E /* new_feature_finish_button.png */,
				B73EAF1D1990FEF100E3727E /* new_feature_finish_button@2x.png */,
				B73EAF1E1990FEF100E3727E /* new_feature_finish_button_highlighted.png */,
				B73EAF1F1990FEF100E3727E /* new_feature_finish_button_highlighted@2x.png */,
				B73EAF201990FEF100E3727E /* new_feature_pagecontrol_checked_point.png */,
				B73EAF211990FEF100E3727E /* new_feature_pagecontrol_checked_point@2x.png */,
				B73EAF221990FEF100E3727E /* new_feature_pagecontrol_point.png */,
				B73EAF231990FEF100E3727E /* new_feature_pagecontrol_point@2x.png */,
				B73EAF241990FEF100E3727E /* new_feature_share_false.png */,
				B73EAF251990FEF100E3727E /* new_feature_share_false@2x.png */,
				B73EAF261990FEF100E3727E /* new_feature_share_true.png */,
				B73EAF271990FEF100E3727E /* new_feature_share_true@2x.png */,
			);
			path = Newfeature;
			sourceTree = "<group>";
		};
		B73EAF281990FEF100E3727E /* Music */ = {
			isa = PBXGroup;
			children = (
			);
			path = Music;
			sourceTree = "<group>";
		};
		B73EAF49199105D000E3727E /* classes */ = {
			isa = PBXGroup;
			children = (
				B7027C0819952636009E504C /* Me */,
				B7027C121995264A009E504C /* Square */,
				B7027C0D19952644009E504C /* Message */,
				B7027BFA1994EA6D009E504C /* more */,
				B788DFF61994E8900064E0C0 /* home */,
				B78E24FA19925CAB00D7DA2C /* category */,
				B73EAF5A19910ECA00E3727E /* main */,
				B73EAF4A199105D000E3727E /* home */,
				B73EAF4D199105D000E3727E /* newfeature */,
				B73EAF4F199105D000E3727E /* other */,
			);
			path = classes;
			sourceTree = "<group>";
		};
		B73EAF4A199105D000E3727E /* home */ = {
			isa = PBXGroup;
			children = (
				B73EAF4B199105D000E3727E /* controller */,
				B73EAF4C199105D000E3727E /* view */,
			);
			path = home;
			sourceTree = "<group>";
		};
		B73EAF4B199105D000E3727E /* controller */ = {
			isa = PBXGroup;
			children = (
			);
			path = controller;
			sourceTree = "<group>";
		};
		B73EAF4C199105D000E3727E /* view */ = {
			isa = PBXGroup;
			children = (
			);
			path = view;
			sourceTree = "<group>";
		};
		B73EAF4D199105D000E3727E /* newfeature */ = {
			isa = PBXGroup;
			children = (
				B73EAF4E199105D000E3727E /* controller */,
			);
			path = newfeature;
			sourceTree = "<group>";
		};
		B73EAF4E199105D000E3727E /* controller */ = {
			isa = PBXGroup;
			children = (
				B73EAF571991063C00E3727E /* NewFeatureController.h */,
				B73EAF581991063C00E3727E /* NewFeatureController.m */,
			);
			path = controller;
			sourceTree = "<group>";
		};
		B73EAF4F199105D000E3727E /* other */ = {
			isa = PBXGroup;
			children = (
				B73EAF52199105D000E3727E /* controller */,
				B73EAF50199105D000E3727E /* AppDelegate.h */,
				B73EAF51199105D000E3727E /* AppDelegate.m */,
				B73EAF53199105D000E3727E /* main.m */,
				B73EAF54199105D000E3727E /* view */,
				B78E24FE1992665500D7DA2C /* common.h */,
				B7027C0219951967009E504C /* GQNavigationController.h */,
				B7027C0319951967009E504C /* GQNavigationController.m */,
			);
			path = other;
			sourceTree = "<group>";
		};
		B73EAF52199105D000E3727E /* controller */ = {
			isa = PBXGroup;
			children = (
			);
			path = controller;
			sourceTree = "<group>";
		};
		B73EAF54199105D000E3727E /* view */ = {
			isa = PBXGroup;
			children = (
			);
			path = view;
			sourceTree = "<group>";
		};
		B73EAF5A19910ECA00E3727E /* main */ = {
			isa = PBXGroup;
			children = (
				B7027CCD19961425009E504C /* view */,
				B73EAF5B19910ECA00E3727E /* controller */,
			);
			path = main;
			sourceTree = "<group>";
		};
		B73EAF5B19910ECA00E3727E /* controller */ = {
			isa = PBXGroup;
			children = (
				B73EAF5C19910EE700E3727E /* MainController.h */,
				B73EAF5D19910EE700E3727E /* MainController.m */,
			);
			path = controller;
			sourceTree = "<group>";
		};
		B75E840719939C5900ACEA0A /* Dock */ = {
			isa = PBXGroup;
			children = (
				B75E840819939C5900ACEA0A /* main_badge.png */,
				B75E840919939C5900ACEA0A /* main_badge@2x.png */,
				B75E840A19939C5900ACEA0A /* tabbar_background.png */,
				B75E840B19939C5900ACEA0A /* tabbar_background@2x.png */,
				B75E840C19939C5900ACEA0A /* tabbar_discover.png */,
				B75E840D19939C5900ACEA0A /* tabbar_discover@2x.png */,
				B75E840E19939C5900ACEA0A /* tabbar_discover_selected.png */,
				B75E840F19939C5900ACEA0A /* tabbar_discover_selected@2x.png */,
				B75E841019939C5900ACEA0A /* tabbar_home.png */,
				B75E841119939C5900ACEA0A /* tabbar_home@2x.png */,
				B75E841219939C5900ACEA0A /* tabbar_home_selected.png */,
				B75E841319939C5900ACEA0A /* tabbar_home_selected@2x.png */,
				B75E841419939C5900ACEA0A /* tabbar_message_center.png */,
				B75E841519939C5900ACEA0A /* tabbar_message_center@2x.png */,
				B75E841619939C5900ACEA0A /* tabbar_message_center_selected.png */,
				B75E841719939C5900ACEA0A /* tabbar_message_center_selected@2x.png */,
				B75E841819939C5900ACEA0A /* tabbar_more.png */,
				B75E841919939C5900ACEA0A /* tabbar_more@2x.png */,
				B75E841A19939C5900ACEA0A /* tabbar_more_selected.png */,
				B75E841B19939C5900ACEA0A /* tabbar_more_selected@2x.png */,
				B75E841C19939C5900ACEA0A /* tabbar_profile.png */,
				B75E841D19939C5900ACEA0A /* tabbar_profile@2x.png */,
				B75E841E19939C5900ACEA0A /* tabbar_profile_selected.png */,
				B75E841F19939C5900ACEA0A /* tabbar_profile_selected@2x.png */,
				B75E842019939C5900ACEA0A /* tabbar_slider.png */,
				B75E842119939C5900ACEA0A /* tabbar_slider@2x.png */,
			);
			path = Dock;
			sourceTree = "<group>";
		};
		B75E842219939C5900ACEA0A /* Home */ = {
			isa = PBXGroup;
			children = (
				B75E842319939C5900ACEA0A /* navigationbar_compose.png */,
				B75E842419939C5900ACEA0A /* navigationbar_compose@2x.png */,
				B75E842519939C5900ACEA0A /* navigationbar_compose_highlighted.png */,
				B75E842619939C5900ACEA0A /* navigationbar_compose_highlighted@2x.png */,
				B75E842719939C5900ACEA0A /* navigationbar_pop.png */,
				B75E842819939C5900ACEA0A /* navigationbar_pop@2x.png */,
				B75E842919939C5900ACEA0A /* navigationbar_pop_highlighted.png */,
				B75E842A19939C5900ACEA0A /* navigationbar_pop_highlighted@2x.png */,
			);
			path = Home;
			sourceTree = "<group>";
		};
		B75E842B19939C5900ACEA0A /* Navigation */ = {
			isa = PBXGroup;
			children = (
				B75E842C19939C5900ACEA0A /* navigationbar_back.png */,
				B75E842D19939C5900ACEA0A /* navigationbar_back@2x.png */,
				B75E842E19939C5900ACEA0A /* navigationbar_back_highlighted.png */,
				B75E842F19939C5900ACEA0A /* navigationbar_back_highlighted@2x.png */,
				B75E843019939C5900ACEA0A /* navigationbar_back_right.png */,
				B75E843119939C5900ACEA0A /* navigationbar_back_right@2x.png */,
				B75E843219939C5900ACEA0A /* navigationbar_back_right_highlighted.png */,
				B75E843319939C5900ACEA0A /* navigationbar_back_right_highlighted@2x.png */,
				B75E843419939C5900ACEA0A /* navigationbar_background.png */,
				B75E843519939C5900ACEA0A /* navigationbar_background@2x.png */,
				B75E843619939C5900ACEA0A /* navigationbar_button_background.png */,
				B75E843719939C5900ACEA0A /* navigationbar_button_background@2x.png */,
				B75E843819939C5900ACEA0A /* navigationbar_button_background_disable.png */,
				B75E843919939C5900ACEA0A /* navigationbar_button_background_disable@2x.png */,
				B75E843A19939C5900ACEA0A /* navigationbar_button_background_disabled.png */,
				B75E843B19939C5900ACEA0A /* navigationbar_button_background_disabled@2x.png */,
				B75E843C19939C5900ACEA0A /* navigationbar_button_background_pushed.png */,
				B75E843D19939C5900ACEA0A /* navigationbar_button_background_pushed@2x.png */,
				B75E843E19939C5900ACEA0A /* navigationbar_home.png */,
				B75E843F19939C5900ACEA0A /* navigationbar_home@2x.png */,
				B75E844019939C5900ACEA0A /* navigationbar_home_highlighted.png */,
				B75E844119939C5900ACEA0A /* navigationbar_home_highlighted@2x.png */,
				B75E844219939C5900ACEA0A /* navigationbar_more.png */,
				B75E844319939C5900ACEA0A /* navigationbar_more@2x.png */,
				B75E844419939C5900ACEA0A /* navigationbar_more_highlighted.png */,
				B75E844519939C5900ACEA0A /* navigationbar_more_highlighted@2x.png */,
			);
			path = Navigation;
			sourceTree = "<group>";
		};
		B788DFF61994E8900064E0C0 /* home */ = {
			isa = PBXGroup;
			children = (
				B7027BF91994EA37009E504C /* controller */,
				B788DFF81994E8900064E0C0 /* view */,
			);
			path = home;
			sourceTree = "<group>";
		};
		B788DFF81994E8900064E0C0 /* view */ = {
			isa = PBXGroup;
			children = (
			);
			path = view;
			sourceTree = "<group>";
		};
		B78E24FA19925CAB00D7DA2C /* category */ = {
			isa = PBXGroup;
			children = (
				B78E24FB19925CF700D7DA2C /* UIImage+Addtion.h */,
				B78E24FC19925CF700D7DA2C /* UIImage+Addtion.m */,
				B75E84851993A1B800ACEA0A /* NSString+GQ.h */,
				B75E84861993A1B800ACEA0A /* NSString+GQ.m */,
				B7027C0519951B1B009E504C /* UIBarButtonItem+GQ.h */,
				B7027C0619951B1B009E504C /* UIBarButtonItem+GQ.m */,
			);
			path = category;
			sourceTree = "<group>";
		};
/* End PBXGroup section */

/* Begin PBXNativeTarget section */
		B73EAED11990FECA00E3727E /* QingWeibo */ = {
			isa = PBXNativeTarget;
			buildConfigurationList = B73EAEFE1990FECB00E3727E /* Build configuration list for PBXNativeTarget "QingWeibo" */;
			buildPhases = (
				B73EAECE1990FECA00E3727E /* Sources */,
				B73EAECF1990FECA00E3727E /* Frameworks */,
				B73EAED01990FECA00E3727E /* Resources */,
			);
			buildRules = (
			);
			dependencies = (
			);
			name = QingWeibo;
			productName = QingWeibo;
			productReference = B73EAED21990FECB00E3727E /* QingWeibo.app */;
			productType = "com.apple.product-type.application";
		};
		B73EAEEC1990FECB00E3727E /* QingWeiboTests */ = {
			isa = PBXNativeTarget;
			buildConfigurationList = B73EAF011990FECB00E3727E /* Build configuration list for PBXNativeTarget "QingWeiboTests" */;
			buildPhases = (
				B73EAEE91990FECB00E3727E /* Sources */,
				B73EAEEA1990FECB00E3727E /* Frameworks */,
				B73EAEEB1990FECB00E3727E /* Resources */,
			);
			buildRules = (
			);
			dependencies = (
				B73EAEF31990FECB00E3727E /* PBXTargetDependency */,
			);
			name = QingWeiboTests;
			productName = QingWeiboTests;
			productReference = B73EAEED1990FECB00E3727E /* QingWeiboTests.xctest */;
			productType = "com.apple.product-type.bundle.unit-test";
		};
/* End PBXNativeTarget section */

/* Begin PBXProject section */
		B73EAECA1990FECA00E3727E /* Project object */ = {
			isa = PBXProject;
			attributes = {
				LastUpgradeCheck = 0510;
				ORGANIZATIONNAME = Personal;
				TargetAttributes = {
					B73EAEEC1990FECB00E3727E = {
						TestTargetID = B73EAED11990FECA00E3727E;
					};
				};
			};
			buildConfigurationList = B73EAECD1990FECA00E3727E /* Build configuration list for PBXProject "QingWeibo" */;
			compatibilityVersion = "Xcode 3.2";
			developmentRegion = English;
			hasScannedForEncodings = 0;
			knownRegions = (
				en,
			);
			mainGroup = B73EAEC91990FECA00E3727E;
			productRefGroup = B73EAED31990FECB00E3727E /* Products */;
			projectDirPath = "";
			projectRoot = "";
			targets = (
				B73EAED11990FECA00E3727E /* QingWeibo */,
				B73EAEEC1990FECB00E3727E /* QingWeiboTests */,
			);
		};
/* End PBXProject section */

/* Begin PBXResourcesBuildPhase section */
		B73EAED01990FECA00E3727E /* Resources */ = {
			isa = PBXResourcesBuildPhase;
			buildActionMask = 2147483647;
			files = (
				B75E844719939C5900ACEA0A /* main_badge@2x.png in Resources */,
				B73EAF381990FEF100E3727E /* new_feature_4.png in Resources */,
				B75E845F19939C5900ACEA0A /* tabbar_slider@2x.png in Resources */,
				B75E845119939C5900ACEA0A /* tabbar_home_selected@2x.png in Resources */,
				B75E845419939C5900ACEA0A /* tabbar_message_center_selected.png in Resources */,
				B73EAF391990FEF100E3727E /* new_feature_4@2x.png in Resources */,
				B75E847A19939C5900ACEA0A /* navigationbar_home.png in Resources */,
				B73EAF2F1990FEF100E3727E /* new_feature_1.png in Resources */,
				B75E844F19939C5900ACEA0A /* tabbar_home@2x.png in Resources */,
				B75E847319939C5900ACEA0A /* navigationbar_button_background@2x.png in Resources */,
				B75E845B19939C5900ACEA0A /* tabbar_profile@2x.png in Resources */,
				B75E846C19939C5900ACEA0A /* navigationbar_back_right.png in Resources */,
				B73EAF401990FEF100E3727E /* new_feature_finish_button_highlighted@2x.png in Resources */,
				B75E846A19939C5900ACEA0A /* navigationbar_back_highlighted.png in Resources */,
				B73EAF3A1990FEF100E3727E /* new_feature_background-568h@2x.png in Resources */,
				B75E846E19939C5900ACEA0A /* navigationbar_back_right_highlighted.png in Resources */,
				B75E845019939C5900ACEA0A /* tabbar_home_selected.png in Resources */,
				B73EAF341990FEF100E3727E /* new_feature_3-568h@2x.png in Resources */,
				B75E846719939C5900ACEA0A /* navigationbar_pop_highlighted@2x.png in Resources */,
				B73EAF371990FEF100E3727E /* new_feature_4-568h@2x.png in Resources */,
				B75E844919939C5900ACEA0A /* tabbar_background@2x.png in Resources */,
				B75E846819939C5900ACEA0A /* navigationbar_back.png in Resources */,
				B75E846B19939C5900ACEA0A /* navigationbar_back_highlighted@2x.png in Resources */,
				B75E845219939C5900ACEA0A /* tabbar_message_center.png in Resources */,
				B75E846519939C5900ACEA0A /* navigationbar_pop@2x.png in Resources */,
				B75E847B19939C5900ACEA0A /* navigationbar_home@2x.png in Resources */,
				B75E845319939C5900ACEA0A /* tabbar_message_center@2x.png in Resources */,
				B72D993519974650001BDDB3 /* common_card_background@2x.png in Resources */,
				B72D993D19974650001BDDB3 /* common_card_middle_background@2x.png in Resources */,
				B75E845919939C5900ACEA0A /* tabbar_more_selected@2x.png in Resources */,
				B75E848119939C5900ACEA0A /* navigationbar_more_highlighted@2x.png in Resources */,
				B73EAF411990FEF100E3727E /* new_feature_pagecontrol_checked_point.png in Resources */,
				B73EAF2C1990FEF100E3727E /* Icon.png in Resources */,
				B72D994019974650001BDDB3 /* common_card_top_background.png in Resources */,
				B73EAF301990FEF100E3727E /* new_feature_1@2x.png in Resources */,
				B75E844B19939C5900ACEA0A /* tabbar_discover@2x.png in Resources */,
				B72D993B19974650001BDDB3 /* common_card_bottom_background_highlighted@2x.png in Resources */,
				B75E847419939C5900ACEA0A /* navigationbar_button_background_disable.png in Resources */,
				B75E847219939C5900ACEA0A /* navigationbar_button_background.png in Resources */,
				B73EAEE01990FECB00E3727E /* InfoPlist.strings in Resources */,
				B75E847719939C5900ACEA0A /* navigationbar_button_background_disabled@2x.png in Resources */,
				B75E845E19939C5900ACEA0A /* tabbar_slider.png in Resources */,
				B72D993A19974650001BDDB3 /* common_card_bottom_background_highlighted.png in Resources */,
				B75E844E19939C5900ACEA0A /* tabbar_home.png in Resources */,
				B75E848019939C5900ACEA0A /* navigationbar_more_highlighted.png in Resources */,
				B72D993819974650001BDDB3 /* common_card_bottom_background.png in Resources */,
				B75E846D19939C5900ACEA0A /* navigationbar_back_right@2x.png in Resources */,
				B75E844D19939C5900ACEA0A /* tabbar_discover_selected@2x.png in Resources */,
				B75E847619939C5900ACEA0A /* navigationbar_button_background_disabled.png in Resources */,
				B73EAF2D1990FEF100E3727E /* Icon@2x.png in Resources */,
				B75E846419939C5900ACEA0A /* navigationbar_pop.png in Resources */,
				B75E845819939C5900ACEA0A /* tabbar_more_selected.png in Resources */,
				B75E846919939C5900ACEA0A /* navigationbar_back@2x.png in Resources */,
				B72D994219974650001BDDB3 /* common_card_top_background_highlighted.png in Resources */,
				B7E754351991D587001F0733 /* description.txt in Resources */,
				B73EAF461990FEF100E3727E /* new_feature_share_false@2x.png in Resources */,
				B75E844A19939C5900ACEA0A /* tabbar_discover.png in Resources */,
				B73EAF431990FEF100E3727E /* new_feature_pagecontrol_point.png in Resources */,
				B75E846319939C5900ACEA0A /* navigationbar_compose_highlighted@2x.png in Resources */,
				B75E845D19939C5900ACEA0A /* tabbar_profile_selected@2x.png in Resources */,
				B73EAF451990FEF100E3727E /* new_feature_share_false.png in Resources */,
				B75E846619939C5900ACEA0A /* navigationbar_pop_highlighted.png in Resources */,
				B73EAF471990FEF100E3727E /* new_feature_share_true.png in Resources */,
				B72D993919974650001BDDB3 /* common_card_bottom_background@2x.png in Resources */,
				B73EAF311990FEF100E3727E /* new_feature_2-568h@2x.png in Resources */,
				B75E846019939C5900ACEA0A /* navigationbar_compose.png in Resources */,
				B72D993F19974650001BDDB3 /* common_card_middle_background_highlighted@2x.png in Resources */,
				B75E847519939C5900ACEA0A /* navigationbar_button_background_disable@2x.png in Resources */,
				B73EAF321990FEF100E3727E /* new_feature_2.png in Resources */,
				B75E845A19939C5900ACEA0A /* tabbar_profile.png in Resources */,
				B73EAF421990FEF100E3727E /* new_feature_pagecontrol_checked_point@2x.png in Resources */,
				B73EAF361990FEF100E3727E /* new_feature_3@2x.png in Resources */,
				B75E844C19939C5900ACEA0A /* tabbar_discover_selected.png in Resources */,
				B75E845719939C5900ACEA0A /* tabbar_more@2x.png in Resources */,
				B73EAF481990FEF100E3727E /* new_feature_share_true@2x.png in Resources */,
				B75E847C19939C5900ACEA0A /* navigationbar_home_highlighted.png in Resources */,
				B72D993E19974650001BDDB3 /* common_card_middle_background_highlighted.png in Resources */,
				B73EAF2E1990FEF100E3727E /* new_feature_1-568h@2x.png in Resources */,
				B73EAF3C1990FEF100E3727E /* new_feature_background@2x.png in Resources */,
				B73EAEE81990FECB00E3727E /* Images.xcassets in Resources */,
				B72D993419974650001BDDB3 /* common_card_background.png in Resources */,
				B73EAF441990FEF100E3727E /* new_feature_pagecontrol_point@2x.png in Resources */,
				B75E844819939C5900ACEA0A /* tabbar_background.png in Resources */,
				B72D993C19974650001BDDB3 /* common_card_middle_background.png in Resources */,
				B75E845619939C5900ACEA0A /* tabbar_more.png in Resources */,
				B75E847819939C5900ACEA0A /* navigationbar_button_background_pushed.png in Resources */,
				B75E846219939C5900ACEA0A /* navigationbar_compose_highlighted.png in Resources */,
				B75E847919939C5900ACEA0A /* navigationbar_button_background_pushed@2x.png in Resources */,
				B73EAF2B1990FEF100E3727E /* Default@2x.png in Resources */,
				B75E847D19939C5900ACEA0A /* navigationbar_home_highlighted@2x.png in Resources */,
				B72D994119974650001BDDB3 /* common_card_top_background@2x.png in Resources */,
				B75E847F19939C5900ACEA0A /* navigationbar_more@2x.png in Resources */,
				B75E847E19939C5900ACEA0A /* navigationbar_more.png in Resources */,
				B72D994319974650001BDDB3 /* common_card_top_background_highlighted@2x.png in Resources */,
				B73EAF331990FEF100E3727E /* new_feature_2@2x.png in Resources */,
				B73EAF3E1990FEF100E3727E /* new_feature_finish_button@2x.png in Resources */,
				B75E846F19939C5900ACEA0A /* navigationbar_back_right_highlighted@2x.png in Resources */,
				B73EAF3D1990FEF100E3727E /* new_feature_finish_button.png in Resources */,
				B75E845519939C5900ACEA0A /* tabbar_message_center_selected@2x.png in Resources */,
				B72D993619974650001BDDB3 /* common_card_background_highlighted.png in Resources */,
				B73EAF3B1990FEF100E3727E /* new_feature_background.png in Resources */,
				B73EAF351990FEF100E3727E /* new_feature_3.png in Resources */,
				B7027CD919963E18009E504C /* More.plist in Resources */,
				B75E844619939C5900ACEA0A /* main_badge.png in Resources */,
				B75E845C19939C5900ACEA0A /* tabbar_profile_selected.png in Resources */,
				B75E847019939C5900ACEA0A /* navigationbar_background.png in Resources */,
				B73EAF291990FEF100E3727E /* Default-568h@2x.png in Resources */,
				B73EAF2A1990FEF100E3727E /* Default.png in Resources */,
				B73EAF3F1990FEF100E3727E /* new_feature_finish_button_highlighted.png in Resources */,
				B75E847119939C5900ACEA0A /* navigationbar_background@2x.png in Resources */,
				B75E846119939C5900ACEA0A /* navigationbar_compose@2x.png in Resources */,
				B72D993719974650001BDDB3 /* common_card_background_highlighted@2x.png in Resources */,
			);
			runOnlyForDeploymentPostprocessing = 0;
		};
		B73EAEEB1990FECB00E3727E /* Resources */ = {
			isa = PBXResourcesBuildPhase;
			buildActionMask = 2147483647;
			files = (
				B73EAEF91990FECB00E3727E /* InfoPlist.strings in Resources */,
				B7027CDA19963E18009E504C /* More.plist in Resources */,
			);
			runOnlyForDeploymentPostprocessing = 0;
		};
/* End PBXResourcesBuildPhase section */

/* Begin PBXSourcesBuildPhase section */
		B73EAECE1990FECA00E3727E /* Sources */ = {
			isa = PBXSourcesBuildPhase;
			buildActionMask = 2147483647;
			files = (
				B7027C011994EA8E009E504C /* MoreController.m in Sources */,
				B73EAF5E19910EE700E3727E /* MainController.m in Sources */,
				B75E84871993A1B800ACEA0A /* NSString+GQ.m in Sources */,
				B7027C0419951967009E504C /* GQNavigationController.m in Sources */,
				B7027CD519961425009E504C /* DockController.m in Sources */,
				B7027CD619961425009E504C /* DockItem.m in Sources */,
				B73EAF591991063C00E3727E /* NewFeatureController.m in Sources */,
				B73EAF56199105D000E3727E /* main.m in Sources */,
				B7027CD419961425009E504C /* Dock.m in Sources */,
				B7027C0719951B1B009E504C /* UIBarButtonItem+GQ.m in Sources */,
				B7027C161995264A009E504C /* SquareController.m in Sources */,
				B73EAF55199105D000E3727E /* AppDelegate.m in Sources */,
				B7027BFE1994EA7E009E504C /* HomeController.m in Sources */,
				B7027C0C19952636009E504C /* MeController.m in Sources */,
				B78E24FD19925CF700D7DA2C /* UIImage+Addtion.m in Sources */,
				B7027C1119952644009E504C /* MessageController.m in Sources */,
			);
			runOnlyForDeploymentPostprocessing = 0;
		};
		B73EAEE91990FECB00E3727E /* Sources */ = {
			isa = PBXSourcesBuildPhase;
			buildActionMask = 2147483647;
			files = (
				B73EAEFB1990FECB00E3727E /* QingWeiboTests.m in Sources */,
			);
			runOnlyForDeploymentPostprocessing = 0;
		};
/* End PBXSourcesBuildPhase section */

/* Begin PBXTargetDependency section */
		B73EAEF31990FECB00E3727E /* PBXTargetDependency */ = {
			isa = PBXTargetDependency;
			target = B73EAED11990FECA00E3727E /* QingWeibo */;
			targetProxy = B73EAEF21990FECB00E3727E /* PBXContainerItemProxy */;
		};
/* End PBXTargetDependency section */

/* Begin PBXVariantGroup section */
		B73EAEDE1990FECB00E3727E /* InfoPlist.strings */ = {
			isa = PBXVariantGroup;
			children = (
				B73EAEDF1990FECB00E3727E /* en */,
			);
			name = InfoPlist.strings;
			sourceTree = "<group>";
		};
		B73EAEF71990FECB00E3727E /* InfoPlist.strings */ = {
			isa = PBXVariantGroup;
			children = (
				B73EAEF81990FECB00E3727E /* en */,
			);
			name = InfoPlist.strings;
			sourceTree = "<group>";
		};
/* End PBXVariantGroup section */

/* Begin XCBuildConfiguration section */
		B73EAEFC1990FECB00E3727E /* Debug */ = {
			isa = XCBuildConfiguration;
			buildSettings = {
				ALWAYS_SEARCH_USER_PATHS = NO;
				CLANG_CXX_LANGUAGE_STANDARD = "gnu++0x";
				CLANG_CXX_LIBRARY = "libc++";
				CLANG_ENABLE_MODULES = YES;
				CLANG_ENABLE_OBJC_ARC = YES;
				CLANG_WARN_BOOL_CONVERSION = YES;
				CLANG_WARN_CONSTANT_CONVERSION = YES;
				CLANG_WARN_DIRECT_OBJC_ISA_USAGE = YES_ERROR;
				CLANG_WARN_EMPTY_BODY = YES;
				CLANG_WARN_ENUM_CONVERSION = YES;
				CLANG_WARN_INT_CONVERSION = YES;
				CLANG_WARN_OBJC_ROOT_CLASS = YES_ERROR;
				CLANG_WARN__DUPLICATE_METHOD_MATCH = YES;
				"CODE_SIGN_IDENTITY[sdk=iphoneos*]" = "iPhone Developer";
				COPY_PHASE_STRIP = NO;
				GCC_C_LANGUAGE_STANDARD = gnu99;
				GCC_DYNAMIC_NO_PIC = NO;
				GCC_OPTIMIZATION_LEVEL = 0;
				GCC_PREPROCESSOR_DEFINITIONS = (
					"DEBUG=1",
					"$(inherited)",
				);
				GCC_SYMBOLS_PRIVATE_EXTERN = NO;
				GCC_WARN_64_TO_32_BIT_CONVERSION = YES;
				GCC_WARN_ABOUT_RETURN_TYPE = YES_ERROR;
				GCC_WARN_UNDECLARED_SELECTOR = YES;
				GCC_WARN_UNINITIALIZED_AUTOS = YES_AGGRESSIVE;
				GCC_WARN_UNUSED_FUNCTION = YES;
				GCC_WARN_UNUSED_VARIABLE = YES;
				IPHONEOS_DEPLOYMENT_TARGET = 6.0;
				ONLY_ACTIVE_ARCH = YES;
				SDKROOT = iphoneos;
			};
			name = Debug;
		};
		B73EAEFD1990FECB00E3727E /* Release */ = {
			isa = XCBuildConfiguration;
			buildSettings = {
				ALWAYS_SEARCH_USER_PATHS = NO;
				CLANG_CXX_LANGUAGE_STANDARD = "gnu++0x";
				CLANG_CXX_LIBRARY = "libc++";
				CLANG_ENABLE_MODULES = YES;
				CLANG_ENABLE_OBJC_ARC = YES;
				CLANG_WARN_BOOL_CONVERSION = YES;
				CLANG_WARN_CONSTANT_CONVERSION = YES;
				CLANG_WARN_DIRECT_OBJC_ISA_USAGE = YES_ERROR;
				CLANG_WARN_EMPTY_BODY = YES;
				CLANG_WARN_ENUM_CONVERSION = YES;
				CLANG_WARN_INT_CONVERSION = YES;
				CLANG_WARN_OBJC_ROOT_CLASS = YES_ERROR;
				CLANG_WARN__DUPLICATE_METHOD_MATCH = YES;
				"CODE_SIGN_IDENTITY[sdk=iphoneos*]" = "iPhone Developer";
				COPY_PHASE_STRIP = YES;
				ENABLE_NS_ASSERTIONS = NO;
				GCC_C_LANGUAGE_STANDARD = gnu99;
				GCC_WARN_64_TO_32_BIT_CONVERSION = YES;
				GCC_WARN_ABOUT_RETURN_TYPE = YES_ERROR;
				GCC_WARN_UNDECLARED_SELECTOR = YES;
				GCC_WARN_UNINITIALIZED_AUTOS = YES_AGGRESSIVE;
				GCC_WARN_UNUSED_FUNCTION = YES;
				GCC_WARN_UNUSED_VARIABLE = YES;
				IPHONEOS_DEPLOYMENT_TARGET = 6.0;
				SDKROOT = iphoneos;
				VALIDATE_PRODUCT = YES;
			};
			name = Release;
		};
		B73EAEFF1990FECB00E3727E /* Debug */ = {
			isa = XCBuildConfiguration;
			buildSettings = {
				ASSETCATALOG_COMPILER_APPICON_NAME = AppIcon;
				ASSETCATALOG_COMPILER_LAUNCHIMAGE_NAME = LaunchImage;
				GCC_PRECOMPILE_PREFIX_HEADER = YES;
				GCC_PREFIX_HEADER = "QingWeibo/QingWeibo-Prefix.pch";
				INFOPLIST_FILE = "QingWeibo/QingWeibo-Info.plist";
				IPHONEOS_DEPLOYMENT_TARGET = 6.0;
				PRODUCT_NAME = "$(TARGET_NAME)";
				WRAPPER_EXTENSION = app;
			};
			name = Debug;
		};
		B73EAF001990FECB00E3727E /* Release */ = {
			isa = XCBuildConfiguration;
			buildSettings = {
				ASSETCATALOG_COMPILER_APPICON_NAME = AppIcon;
				ASSETCATALOG_COMPILER_LAUNCHIMAGE_NAME = LaunchImage;
				GCC_PRECOMPILE_PREFIX_HEADER = YES;
				GCC_PREFIX_HEADER = "QingWeibo/QingWeibo-Prefix.pch";
				INFOPLIST_FILE = "QingWeibo/QingWeibo-Info.plist";
				IPHONEOS_DEPLOYMENT_TARGET = 6.0;
				PRODUCT_NAME = "$(TARGET_NAME)";
				WRAPPER_EXTENSION = app;
			};
			name = Release;
		};
		B73EAF021990FECB00E3727E /* Debug */ = {
			isa = XCBuildConfiguration;
			buildSettings = {
				BUNDLE_LOADER = "$(BUILT_PRODUCTS_DIR)/QingWeibo.app/QingWeibo";
				FRAMEWORK_SEARCH_PATHS = (
					"$(SDKROOT)/Developer/Library/Frameworks",
					"$(inherited)",
					"$(DEVELOPER_FRAMEWORKS_DIR)",
				);
				GCC_PRECOMPILE_PREFIX_HEADER = YES;
				GCC_PREFIX_HEADER = "QingWeibo/QingWeibo-Prefix.pch";
				GCC_PREPROCESSOR_DEFINITIONS = (
					"DEBUG=1",
					"$(inherited)",
				);
				INFOPLIST_FILE = "QingWeiboTests/QingWeiboTests-Info.plist";
				PRODUCT_NAME = "$(TARGET_NAME)";
				TEST_HOST = "$(BUNDLE_LOADER)";
				WRAPPER_EXTENSION = xctest;
			};
			name = Debug;
		};
		B73EAF031990FECB00E3727E /* Release */ = {
			isa = XCBuildConfiguration;
			buildSettings = {
				BUNDLE_LOADER = "$(BUILT_PRODUCTS_DIR)/QingWeibo.app/QingWeibo";
				FRAMEWORK_SEARCH_PATHS = (
					"$(SDKROOT)/Developer/Library/Frameworks",
					"$(inherited)",
					"$(DEVELOPER_FRAMEWORKS_DIR)",
				);
				GCC_PRECOMPILE_PREFIX_HEADER = YES;
				GCC_PREFIX_HEADER = "QingWeibo/QingWeibo-Prefix.pch";
				INFOPLIST_FILE = "QingWeiboTests/QingWeiboTests-Info.plist";
				PRODUCT_NAME = "$(TARGET_NAME)";
				TEST_HOST = "$(BUNDLE_LOADER)";
				WRAPPER_EXTENSION = xctest;
			};
			name = Release;
		};
/* End XCBuildConfiguration section */

/* Begin XCConfigurationList section */
		B73EAECD1990FECA00E3727E /* Build configuration list for PBXProject "QingWeibo" */ = {
			isa = XCConfigurationList;
			buildConfigurations = (
				B73EAEFC1990FECB00E3727E /* Debug */,
				B73EAEFD1990FECB00E3727E /* Release */,
			);
			defaultConfigurationIsVisible = 0;
			defaultConfigurationName = Release;
		};
		B73EAEFE1990FECB00E3727E /* Build configuration list for PBXNativeTarget "QingWeibo" */ = {
			isa = XCConfigurationList;
			buildConfigurations = (
				B73EAEFF1990FECB00E3727E /* Debug */,
				B73EAF001990FECB00E3727E /* Release */,
			);
			defaultConfigurationIsVisible = 0;
			defaultConfigurationName = Release;
		};
		B73EAF011990FECB00E3727E /* Build configuration list for PBXNativeTarget "QingWeiboTests" */ = {
			isa = XCConfigurationList;
			buildConfigurations = (
				B73EAF021990FECB00E3727E /* Debug */,
				B73EAF031990FECB00E3727E /* Release */,
			);
			defaultConfigurationIsVisible = 0;
			defaultConfigurationName = Release;
		};
/* End XCConfigurationList section */
	};
	rootObject = B73EAECA1990FECA00E3727E /* Project object */;
}
